
Microsoft Visual Studio Solution File, Format Version 12.00
# Visual Studio Version 18
VisualStudioVersion = 18.5.11801.241
MinimumVisualStudioVersion = 10.0.40219.1
Project("{F184B08F-C81C-45F6-A57F-5ABD9991F28F}") = "Vendor", "Vendor\Vendor.vbproj", "{7126792E-C255-5790-FDFF-313015BFB881}"
EndProject
Project("{D954291E-2A0B-460D-934E-DC6B0785DB48}") = "LicenseShared", "Shared\LicenseShared.shproj", "{81390088-C611-4629-B785-93E1D6F0C913}"
EndProject
Project("{2150E333-8FDC-42A3-9474-1A3956D46DE8}") = "framework", "framework", "{804D3536-26DC-4782-ACC2-547A74664828}"
EndProject
Project("{F184B08F-C81C-45F6-A57F-5ABD9991F28F}") = "Core", "..\..\..\GCModeller\src\runtime\sciBASIC#\Microsoft.VisualBasic.Core\src\Core.vbproj", "{896A1DF9-BF52-17C7-D41C-F7730E5B1968}"
EndProject
Project("{2150E333-8FDC-42A3-9474-1A3956D46DE8}") = "galaxy", "galaxy", "{D18AD8E2-F9B9-4580-AB15-B1DC615BDF1F}"
EndProject
Project("{F184B08F-C81C-45F6-A57F-5ABD9991F28F}") = "GalaxyData", "..\GalaxyData\GalaxyData.vbproj", "{64F18BC2-274C-ADF7-6C01-C72B840A4351}"
EndProject
Project("{F184B08F-C81C-45F6-A57F-5ABD9991F28F}") = "Microsoft.Windows.FeatureAPI", "..\Microsoft.Windows.FeatureAPI\Microsoft.Windows.FeatureAPI.vbproj", "{C478479D-1F40-70E9-D812-6DB13ECA4C0F}"
EndProject
Project("{F184B08F-C81C-45F6-A57F-5ABD9991F28F}") = "GalaxyWorkbench", "..\GalaxyWorkbench\GalaxyWorkbench.vbproj", "{7F232937-9B56-CDC2-A75C-FA0F6050DC0D}"
EndProject
Project("{F184B08F-C81C-45F6-A57F-5ABD9991F28F}") = "ThemeVS2015", "..\dockpanelsuite\Themes\ThemeVS2015.vbproj", "{13C76BC7-8D99-9DCD-A72C-4CE9E18B5A08}"
EndProject
Project("{F184B08F-C81C-45F6-A57F-5ABD9991F28F}") = "VSDockPanel", "..\dockpanelsuite\VSDockPanel\VSDockPanel.vbproj", "{086A5F2A-1A3D-E3E7-58E4-6587879F25C5}"
EndProject
Project("{F184B08F-C81C-45F6-A57F-5ABD9991F28F}") = "Drawing-net4.8", "..\..\..\GCModeller\src\runtime\sciBASIC#\gr\Drawing-net4.8\Drawing-net4.8.vbproj", "{1D3ACA40-5ECC-6B1F-AD5F-4D915668FD67}"
EndProject
Project("{F184B08F-C81C-45F6-A57F-5ABD9991F28F}") = "Math.NET5", "..\..\..\GCModeller\src\runtime\sciBASIC#\Data_science\Mathematica\Math\Math\Math.NET5.vbproj", "{BB7C972F-5829-82C3-D1FB-0FAE5581933E}"
EndProject
Project("{F184B08F-C81C-45F6-A57F-5ABD9991F28F}") = "html_netcore5", "..\..\..\GCModeller\src\runtime\sciBASIC#\mime\text%html\html_netcore5.vbproj", "{C4A9549E-71BC-6976-3D82-6221CEF119C1}"
EndProject
Project("{2150E333-8FDC-42A3-9474-1A3956D46DE8}") = "data", "data", "{AC103C2F-505C-4757-9D4A-AA49F4BE56FE}"
EndProject
Project("{F184B08F-C81C-45F6-A57F-5ABD9991F28F}") = "JSON-netcore5", "..\..\..\GCModeller\src\runtime\sciBASIC#\mime\application%json\JSON-netcore5.vbproj", "{B4EE76FA-586F-E50A-B1E3-D8E84166E094}"
EndProject
Project("{F184B08F-C81C-45F6-A57F-5ABD9991F28F}") = "dataframework-netcore5", "..\..\..\GCModeller\src\runtime\sciBASIC#\Data\DataFrame\dataframework-netcore5.vbproj", "{88EA6B10-A643-A591-C954-9D20F2731D0B}"
EndProject
Project("{F184B08F-C81C-45F6-A57F-5ABD9991F28F}") = "xlsx-netcore5", "..\..\..\GCModeller\src\runtime\sciBASIC#\mime\application%vnd.openxmlformats-officedocument.spreadsheetml.sheet\Excel\xlsx-netcore5.vbproj", "{A13388C4-87CF-6729-D0E4-5E6AA5F83AA3}"
EndProject
Global
	GlobalSection(SolutionConfigurationPlatforms) = preSolution
		Debug|Any CPU = Debug|Any CPU
		Debug|x64 = Debug|x64
		mzkit_win32|Any CPU = mzkit_win32|Any CPU
		mzkit_win32|x64 = mzkit_win32|x64
		Release|Any CPU = Release|Any CPU
		Release|x64 = Release|x64
		Rsharp_app_release|Any CPU = Rsharp_app_release|Any CPU
		Rsharp_app_release|x64 = Rsharp_app_release|x64
	EndGlobalSection
	GlobalSection(ProjectConfigurationPlatforms) = postSolution
		{7126792E-C255-5790-FDFF-313015BFB881}.Debug|Any CPU.ActiveCfg = Debug|Any CPU
		{7126792E-C255-5790-FDFF-313015BFB881}.Debug|Any CPU.Build.0 = Debug|Any CPU
		{7126792E-C255-5790-FDFF-313015BFB881}.Debug|x64.ActiveCfg = Debug|x64
		{7126792E-C255-5790-FDFF-313015BFB881}.Debug|x64.Build.0 = Debug|x64
		{7126792E-C255-5790-FDFF-313015BFB881}.mzkit_win32|Any CPU.ActiveCfg = mzkit_win32|Any CPU
		{7126792E-C255-5790-FDFF-313015BFB881}.mzkit_win32|Any CPU.Build.0 = mzkit_win32|Any CPU
		{7126792E-C255-5790-FDFF-313015BFB881}.mzkit_win32|x64.ActiveCfg = mzkit_win32|x64
		{7126792E-C255-5790-FDFF-313015BFB881}.mzkit_win32|x64.Build.0 = mzkit_win32|x64
		{7126792E-C255-5790-FDFF-313015BFB881}.Release|Any CPU.ActiveCfg = Release|Any CPU
		{7126792E-C255-5790-FDFF-313015BFB881}.Release|Any CPU.Build.0 = Release|Any CPU
		{7126792E-C255-5790-FDFF-313015BFB881}.Release|x64.ActiveCfg = Release|x64
		{7126792E-C255-5790-FDFF-313015BFB881}.Release|x64.Build.0 = Release|x64
		{7126792E-C255-5790-FDFF-313015BFB881}.Rsharp_app_release|Any CPU.ActiveCfg = Rsharp_app_release|Any CPU
		{7126792E-C255-5790-FDFF-313015BFB881}.Rsharp_app_release|Any CPU.Build.0 = Rsharp_app_release|Any CPU
		{7126792E-C255-5790-FDFF-313015BFB881}.Rsharp_app_release|x64.ActiveCfg = Rsharp_app_release|x64
		{7126792E-C255-5790-FDFF-313015BFB881}.Rsharp_app_release|x64.Build.0 = Rsharp_app_release|x64
		{896A1DF9-BF52-17C7-D41C-F7730E5B1968}.Debug|Any CPU.ActiveCfg = Debug|Any CPU
		{896A1DF9-BF52-17C7-D41C-F7730E5B1968}.Debug|Any CPU.Build.0 = Debug|Any CPU
		{896A1DF9-BF52-17C7-D41C-F7730E5B1968}.Debug|x64.ActiveCfg = Debug|x64
		{896A1DF9-BF52-17C7-D41C-F7730E5B1968}.Debug|x64.Build.0 = Debug|x64
		{896A1DF9-BF52-17C7-D41C-F7730E5B1968}.mzkit_win32|Any CPU.ActiveCfg = mzkit_win32|Any CPU
		{896A1DF9-BF52-17C7-D41C-F7730E5B1968}.mzkit_win32|Any CPU.Build.0 = mzkit_win32|Any CPU
		{896A1DF9-BF52-17C7-D41C-F7730E5B1968}.mzkit_win32|x64.ActiveCfg = mzkit_win32|x64
		{896A1DF9-BF52-17C7-D41C-F7730E5B1968}.mzkit_win32|x64.Build.0 = mzkit_win32|x64
		{896A1DF9-BF52-17C7-D41C-F7730E5B1968}.Release|Any CPU.ActiveCfg = Release|Any CPU
		{896A1DF9-BF52-17C7-D41C-F7730E5B1968}.Release|Any CPU.Build.0 = Release|Any CPU
		{896A1DF9-BF52-17C7-D41C-F7730E5B1968}.Release|x64.ActiveCfg = Release|x64
		{896A1DF9-BF52-17C7-D41C-F7730E5B1968}.Release|x64.Build.0 = Release|x64
		{896A1DF9-BF52-17C7-D41C-F7730E5B1968}.Rsharp_app_release|Any CPU.ActiveCfg = Rsharp_app_release|Any CPU
		{896A1DF9-BF52-17C7-D41C-F7730E5B1968}.Rsharp_app_release|Any CPU.Build.0 = Rsharp_app_release|Any CPU
		{896A1DF9-BF52-17C7-D41C-F7730E5B1968}.Rsharp_app_release|x64.ActiveCfg = Rsharp_app_release|x64
		{896A1DF9-BF52-17C7-D41C-F7730E5B1968}.Rsharp_app_release|x64.Build.0 = Rsharp_app_release|x64
		{64F18BC2-274C-ADF7-6C01-C72B840A4351}.Debug|Any CPU.ActiveCfg = Debug|Any CPU
		{64F18BC2-274C-ADF7-6C01-C72B840A4351}.Debug|Any CPU.Build.0 = Debug|Any CPU
		{64F18BC2-274C-ADF7-6C01-C72B840A4351}.Debug|x64.ActiveCfg = Debug|x64
		{64F18BC2-274C-ADF7-6C01-C72B840A4351}.Debug|x64.Build.0 = Debug|x64
		{64F18BC2-274C-ADF7-6C01-C72B840A4351}.mzkit_win32|Any CPU.ActiveCfg = mzkit_win32|Any CPU
		{64F18BC2-274C-ADF7-6C01-C72B840A4351}.mzkit_win32|Any CPU.Build.0 = mzkit_win32|Any CPU
		{64F18BC2-274C-ADF7-6C01-C72B840A4351}.mzkit_win32|x64.ActiveCfg = mzkit_win32|x64
		{64F18BC2-274C-ADF7-6C01-C72B840A4351}.mzkit_win32|x64.Build.0 = mzkit_win32|x64
		{64F18BC2-274C-ADF7-6C01-C72B840A4351}.Release|Any CPU.ActiveCfg = Release|Any CPU
		{64F18BC2-274C-ADF7-6C01-C72B840A4351}.Release|Any CPU.Build.0 = Release|Any CPU
		{64F18BC2-274C-ADF7-6C01-C72B840A4351}.Release|x64.ActiveCfg = Release|x64
		{64F18BC2-274C-ADF7-6C01-C72B840A4351}.Release|x64.Build.0 = Release|x64
		{64F18BC2-274C-ADF7-6C01-C72B840A4351}.Rsharp_app_release|Any CPU.ActiveCfg = Rsharp_app_release|Any CPU
		{64F18BC2-274C-ADF7-6C01-C72B840A4351}.Rsharp_app_release|Any CPU.Build.0 = Rsharp_app_release|Any CPU
		{64F18BC2-274C-ADF7-6C01-C72B840A4351}.Rsharp_app_release|x64.ActiveCfg = Rsharp_app_release|x64
		{64F18BC2-274C-ADF7-6C01-C72B840A4351}.Rsharp_app_release|x64.Build.0 = Rsharp_app_release|x64
		{C478479D-1F40-70E9-D812-6DB13ECA4C0F}.Debug|Any CPU.ActiveCfg = Debug|Any CPU
		{C478479D-1F40-70E9-D812-6DB13ECA4C0F}.Debug|Any CPU.Build.0 = Debug|Any CPU
		{C478479D-1F40-70E9-D812-6DB13ECA4C0F}.Debug|x64.ActiveCfg = Debug|x64
		{C478479D-1F40-70E9-D812-6DB13ECA4C0F}.Debug|x64.Build.0 = Debug|x64
		{C478479D-1F40-70E9-D812-6DB13ECA4C0F}.mzkit_win32|Any CPU.ActiveCfg = mzkit_win32|Any CPU
		{C478479D-1F40-70E9-D812-6DB13ECA4C0F}.mzkit_win32|Any CPU.Build.0 = mzkit_win32|Any CPU
		{C478479D-1F40-70E9-D812-6DB13ECA4C0F}.mzkit_win32|x64.ActiveCfg = mzkit_win32|x64
		{C478479D-1F40-70E9-D812-6DB13ECA4C0F}.mzkit_win32|x64.Build.0 = mzkit_win32|x64
		{C478479D-1F40-70E9-D812-6DB13ECA4C0F}.Release|Any CPU.ActiveCfg = Release|Any CPU
		{C478479D-1F40-70E9-D812-6DB13ECA4C0F}.Release|Any CPU.Build.0 = Release|Any CPU
		{C478479D-1F40-70E9-D812-6DB13ECA4C0F}.Release|x64.ActiveCfg = Release|x64
		{C478479D-1F40-70E9-D812-6DB13ECA4C0F}.Release|x64.Build.0 = Release|x64
		{C478479D-1F40-70E9-D812-6DB13ECA4C0F}.Rsharp_app_release|Any CPU.ActiveCfg = Rsharp_app_release|Any CPU
		{C478479D-1F40-70E9-D812-6DB13ECA4C0F}.Rsharp_app_release|Any CPU.Build.0 = Rsharp_app_release|Any CPU
		{C478479D-1F40-70E9-D812-6DB13ECA4C0F}.Rsharp_app_release|x64.ActiveCfg = Rsharp_app_release|x64
		{C478479D-1F40-70E9-D812-6DB13ECA4C0F}.Rsharp_app_release|x64.Build.0 = Rsharp_app_release|x64
		{7F232937-9B56-CDC2-A75C-FA0F6050DC0D}.Debug|Any CPU.ActiveCfg = Debug|Any CPU
		{7F232937-9B56-CDC2-A75C-FA0F6050DC0D}.Debug|Any CPU.Build.0 = Debug|Any CPU
		{7F232937-9B56-CDC2-A75C-FA0F6050DC0D}.Debug|x64.ActiveCfg = Debug|x64
		{7F232937-9B56-CDC2-A75C-FA0F6050DC0D}.Debug|x64.Build.0 = Debug|x64
		{7F232937-9B56-CDC2-A75C-FA0F6050DC0D}.mzkit_win32|Any CPU.ActiveCfg = mzkit_win32|Any CPU
		{7F232937-9B56-CDC2-A75C-FA0F6050DC0D}.mzkit_win32|Any CPU.Build.0 = mzkit_win32|Any CPU
		{7F232937-9B56-CDC2-A75C-FA0F6050DC0D}.mzkit_win32|x64.ActiveCfg = mzkit_win32|x64
		{7F232937-9B56-CDC2-A75C-FA0F6050DC0D}.mzkit_win32|x64.Build.0 = mzkit_win32|x64
		{7F232937-9B56-CDC2-A75C-FA0F6050DC0D}.Release|Any CPU.ActiveCfg = Release|Any CPU
		{7F232937-9B56-CDC2-A75C-FA0F6050DC0D}.Release|Any CPU.Build.0 = Release|Any CPU
		{7F232937-9B56-CDC2-A75C-FA0F6050DC0D}.Release|x64.ActiveCfg = Release|x64
		{7F232937-9B56-CDC2-A75C-FA0F6050DC0D}.Release|x64.Build.0 = Release|x64
		{7F232937-9B56-CDC2-A75C-FA0F6050DC0D}.Rsharp_app_release|Any CPU.ActiveCfg = Rsharp_app_release|Any CPU
		{7F232937-9B56-CDC2-A75C-FA0F6050DC0D}.Rsharp_app_release|Any CPU.Build.0 = Rsharp_app_release|Any CPU
		{7F232937-9B56-CDC2-A75C-FA0F6050DC0D}.Rsharp_app_release|x64.ActiveCfg = Rsharp_app_release|x64
		{7F232937-9B56-CDC2-A75C-FA0F6050DC0D}.Rsharp_app_release|x64.Build.0 = Rsharp_app_release|x64
		{13C76BC7-8D99-9DCD-A72C-4CE9E18B5A08}.Debug|Any CPU.ActiveCfg = Debug|Any CPU
		{13C76BC7-8D99-9DCD-A72C-4CE9E18B5A08}.Debug|Any CPU.Build.0 = Debug|Any CPU
		{13C76BC7-8D99-9DCD-A72C-4CE9E18B5A08}.Debug|x64.ActiveCfg = Debug|x64
		{13C76BC7-8D99-9DCD-A72C-4CE9E18B5A08}.Debug|x64.Build.0 = Debug|x64
		{13C76BC7-8D99-9DCD-A72C-4CE9E18B5A08}.mzkit_win32|Any CPU.ActiveCfg = mzkit_win32|Any CPU
		{13C76BC7-8D99-9DCD-A72C-4CE9E18B5A08}.mzkit_win32|Any CPU.Build.0 = mzkit_win32|Any CPU
		{13C76BC7-8D99-9DCD-A72C-4CE9E18B5A08}.mzkit_win32|x64.ActiveCfg = mzkit_win32|x64
		{13C76BC7-8D99-9DCD-A72C-4CE9E18B5A08}.mzkit_win32|x64.Build.0 = mzkit_win32|x64
		{13C76BC7-8D99-9DCD-A72C-4CE9E18B5A08}.Release|Any CPU.ActiveCfg = Release|Any CPU
		{13C76BC7-8D99-9DCD-A72C-4CE9E18B5A08}.Release|Any CPU.Build.0 = Release|Any CPU
		{13C76BC7-8D99-9DCD-A72C-4CE9E18B5A08}.Release|x64.ActiveCfg = Release|x64
		{13C76BC7-8D99-9DCD-A72C-4CE9E18B5A08}.Release|x64.Build.0 = Release|x64
		{13C76BC7-8D99-9DCD-A72C-4CE9E18B5A08}.Rsharp_app_release|Any CPU.ActiveCfg = Rsharp_app_release|Any CPU
		{13C76BC7-8D99-9DCD-A72C-4CE9E18B5A08}.Rsharp_app_release|Any CPU.Build.0 = Rsharp_app_release|Any CPU
		{13C76BC7-8D99-9DCD-A72C-4CE9E18B5A08}.Rsharp_app_release|x64.ActiveCfg = Rsharp_app_release|x64
		{13C76BC7-8D99-9DCD-A72C-4CE9E18B5A08}.Rsharp_app_release|x64.Build.0 = Rsharp_app_release|x64
		{086A5F2A-1A3D-E3E7-58E4-6587879F25C5}.Debug|Any CPU.ActiveCfg = Debug|Any CPU
		{086A5F2A-1A3D-E3E7-58E4-6587879F25C5}.Debug|Any CPU.Build.0 = Debug|Any CPU
		{086A5F2A-1A3D-E3E7-58E4-6587879F25C5}.Debug|x64.ActiveCfg = Debug|x64
		{086A5F2A-1A3D-E3E7-58E4-6587879F25C5}.Debug|x64.Build.0 = Debug|x64
		{086A5F2A-1A3D-E3E7-58E4-6587879F25C5}.mzkit_win32|Any CPU.ActiveCfg = CellaLAB-Desktop|Any CPU
		{086A5F2A-1A3D-E3E7-58E4-6587879F25C5}.mzkit_win32|Any CPU.Build.0 = CellaLAB-Desktop|Any CPU
		{086A5F2A-1A3D-E3E7-58E4-6587879F25C5}.mzkit_win32|x64.ActiveCfg = CellaLAB-Desktop|x64
		{086A5F2A-1A3D-E3E7-58E4-6587879F25C5}.mzkit_win32|x64.Build.0 = CellaLAB-Desktop|x64
		{086A5F2A-1A3D-E3E7-58E4-6587879F25C5}.Release|Any CPU.ActiveCfg = Release|Any CPU
		{086A5F2A-1A3D-E3E7-58E4-6587879F25C5}.Release|Any CPU.Build.0 = Release|Any CPU
		{086A5F2A-1A3D-E3E7-58E4-6587879F25C5}.Release|x64.ActiveCfg = Release|x64
		{086A5F2A-1A3D-E3E7-58E4-6587879F25C5}.Release|x64.Build.0 = Release|x64
		{086A5F2A-1A3D-E3E7-58E4-6587879F25C5}.Rsharp_app_release|Any CPU.ActiveCfg = CellaLAB-Desktop|Any CPU
		{086A5F2A-1A3D-E3E7-58E4-6587879F25C5}.Rsharp_app_release|Any CPU.Build.0 = CellaLAB-Desktop|Any CPU
		{086A5F2A-1A3D-E3E7-58E4-6587879F25C5}.Rsharp_app_release|x64.ActiveCfg = CellaLAB-Desktop|x64
		{086A5F2A-1A3D-E3E7-58E4-6587879F25C5}.Rsharp_app_release|x64.Build.0 = CellaLAB-Desktop|x64
		{1D3ACA40-5ECC-6B1F-AD5F-4D915668FD67}.Debug|Any CPU.ActiveCfg = Debug|Any CPU
		{1D3ACA40-5ECC-6B1F-AD5F-4D915668FD67}.Debug|Any CPU.Build.0 = Debug|Any CPU
		{1D3ACA40-5ECC-6B1F-AD5F-4D915668FD67}.Debug|x64.ActiveCfg = Debug|x64
		{1D3ACA40-5ECC-6B1F-AD5F-4D915668FD67}.Debug|x64.Build.0 = Debug|x64
		{1D3ACA40-5ECC-6B1F-AD5F-4D915668FD67}.mzkit_win32|Any CPU.ActiveCfg = Rsharp_app_release|Any CPU
		{1D3ACA40-5ECC-6B1F-AD5F-4D915668FD67}.mzkit_win32|Any CPU.Build.0 = Rsharp_app_release|Any CPU
		{1D3ACA40-5ECC-6B1F-AD5F-4D915668FD67}.mzkit_win32|x64.ActiveCfg = Rsharp_app_release|x64
		{1D3ACA40-5ECC-6B1F-AD5F-4D915668FD67}.mzkit_win32|x64.Build.0 = Rsharp_app_release|x64
		{1D3ACA40-5ECC-6B1F-AD5F-4D915668FD67}.Release|Any CPU.ActiveCfg = Release|Any CPU
		{1D3ACA40-5ECC-6B1F-AD5F-4D915668FD67}.Release|Any CPU.Build.0 = Release|Any CPU
		{1D3ACA40-5ECC-6B1F-AD5F-4D915668FD67}.Release|x64.ActiveCfg = Release|x64
		{1D3ACA40-5ECC-6B1F-AD5F-4D915668FD67}.Release|x64.Build.0 = Release|x64
		{1D3ACA40-5ECC-6B1F-AD5F-4D915668FD67}.Rsharp_app_release|Any CPU.ActiveCfg = Rsharp_app_release|Any CPU
		{1D3ACA40-5ECC-6B1F-AD5F-4D915668FD67}.Rsharp_app_release|Any CPU.Build.0 = Rsharp_app_release|Any CPU
		{1D3ACA40-5ECC-6B1F-AD5F-4D915668FD67}.Rsharp_app_release|x64.ActiveCfg = Rsharp_app_release|x64
		{1D3ACA40-5ECC-6B1F-AD5F-4D915668FD67}.Rsharp_app_release|x64.Build.0 = Rsharp_app_release|x64
		{BB7C972F-5829-82C3-D1FB-0FAE5581933E}.Debug|Any CPU.ActiveCfg = Debug|Any CPU
		{BB7C972F-5829-82C3-D1FB-0FAE5581933E}.Debug|Any CPU.Build.0 = Debug|Any CPU
		{BB7C972F-5829-82C3-D1FB-0FAE5581933E}.Debug|x64.ActiveCfg = Debug|x64
		{BB7C972F-5829-82C3-D1FB-0FAE5581933E}.Debug|x64.Build.0 = Debug|x64
		{BB7C972F-5829-82C3-D1FB-0FAE5581933E}.mzkit_win32|Any CPU.ActiveCfg = mzkit_win32|Any CPU
		{BB7C972F-5829-82C3-D1FB-0FAE5581933E}.mzkit_win32|Any CPU.Build.0 = mzkit_win32|Any CPU
		{BB7C972F-5829-82C3-D1FB-0FAE5581933E}.mzkit_win32|x64.ActiveCfg = mzkit_win32|x64
		{BB7C972F-5829-82C3-D1FB-0FAE5581933E}.mzkit_win32|x64.Build.0 = mzkit_win32|x64
		{BB7C972F-5829-82C3-D1FB-0FAE5581933E}.Release|Any CPU.ActiveCfg = Release|Any CPU
		{BB7C972F-5829-82C3-D1FB-0FAE5581933E}.Release|Any CPU.Build.0 = Release|Any CPU
		{BB7C972F-5829-82C3-D1FB-0FAE5581933E}.Release|x64.ActiveCfg = Release|x64
		{BB7C972F-5829-82C3-D1FB-0FAE5581933E}.Release|x64.Build.0 = Release|x64
		{BB7C972F-5829-82C3-D1FB-0FAE5581933E}.Rsharp_app_release|Any CPU.ActiveCfg = Rsharp_app_release|Any CPU
		{BB7C972F-5829-82C3-D1FB-0FAE5581933E}.Rsharp_app_release|Any CPU.Build.0 = Rsharp_app_release|Any CPU
		{BB7C972F-5829-82C3-D1FB-0FAE5581933E}.Rsharp_app_release|x64.ActiveCfg = Rsharp_app_release|x64
		{BB7C972F-5829-82C3-D1FB-0FAE5581933E}.Rsharp_app_release|x64.Build.0 = Rsharp_app_release|x64
		{C4A9549E-71BC-6976-3D82-6221CEF119C1}.Debug|Any CPU.ActiveCfg = Debug|Any CPU
		{C4A9549E-71BC-6976-3D82-6221CEF119C1}.Debug|Any CPU.Build.0 = Debug|Any CPU
		{C4A9549E-71BC-6976-3D82-6221CEF119C1}.Debug|x64.ActiveCfg = Debug|x64
		{C4A9549E-71BC-6976-3D82-6221CEF119C1}.Debug|x64.Build.0 = Debug|x64
		{C4A9549E-71BC-6976-3D82-6221CEF119C1}.mzkit_win32|Any CPU.ActiveCfg = mzkit_win32|Any CPU
		{C4A9549E-71BC-6976-3D82-6221CEF119C1}.mzkit_win32|Any CPU.Build.0 = mzkit_win32|Any CPU
		{C4A9549E-71BC-6976-3D82-6221CEF119C1}.mzkit_win32|x64.ActiveCfg = mzkit_win32|x64
		{C4A9549E-71BC-6976-3D82-6221CEF119C1}.mzkit_win32|x64.Build.0 = mzkit_win32|x64
		{C4A9549E-71BC-6976-3D82-6221CEF119C1}.Release|Any CPU.ActiveCfg = Release|Any CPU
		{C4A9549E-71BC-6976-3D82-6221CEF119C1}.Release|Any CPU.Build.0 = Release|Any CPU
		{C4A9549E-71BC-6976-3D82-6221CEF119C1}.Release|x64.ActiveCfg = Release|x64
		{C4A9549E-71BC-6976-3D82-6221CEF119C1}.Release|x64.Build.0 = Release|x64
		{C4A9549E-71BC-6976-3D82-6221CEF119C1}.Rsharp_app_release|Any CPU.ActiveCfg = Rsharp_app_release|Any CPU
		{C4A9549E-71BC-6976-3D82-6221CEF119C1}.Rsharp_app_release|Any CPU.Build.0 = Rsharp_app_release|Any CPU
		{C4A9549E-71BC-6976-3D82-6221CEF119C1}.Rsharp_app_release|x64.ActiveCfg = Rsharp_app_release|x64
		{C4A9549E-71BC-6976-3D82-6221CEF119C1}.Rsharp_app_release|x64.Build.0 = Rsharp_app_release|x64
		{B4EE76FA-586F-E50A-B1E3-D8E84166E094}.Debug|Any CPU.ActiveCfg = Debug|Any CPU
		{B4EE76FA-586F-E50A-B1E3-D8E84166E094}.Debug|Any CPU.Build.0 = Debug|Any CPU
		{B4EE76FA-586F-E50A-B1E3-D8E84166E094}.Debug|x64.ActiveCfg = Debug|x64
		{B4EE76FA-586F-E50A-B1E3-D8E84166E094}.Debug|x64.Build.0 = Debug|x64
		{B4EE76FA-586F-E50A-B1E3-D8E84166E094}.mzkit_win32|Any CPU.ActiveCfg = mzkit_win32|Any CPU
		{B4EE76FA-586F-E50A-B1E3-D8E84166E094}.mzkit_win32|Any CPU.Build.0 = mzkit_win32|Any CPU
		{B4EE76FA-586F-E50A-B1E3-D8E84166E094}.mzkit_win32|x64.ActiveCfg = mzkit_win32|x64
		{B4EE76FA-586F-E50A-B1E3-D8E84166E094}.mzkit_win32|x64.Build.0 = mzkit_win32|x64
		{B4EE76FA-586F-E50A-B1E3-D8E84166E094}.Release|Any CPU.ActiveCfg = Release|Any CPU
		{B4EE76FA-586F-E50A-B1E3-D8E84166E094}.Release|Any CPU.Build.0 = Release|Any CPU
		{B4EE76FA-586F-E50A-B1E3-D8E84166E094}.Release|x64.ActiveCfg = Release|x64
		{B4EE76FA-586F-E50A-B1E3-D8E84166E094}.Release|x64.Build.0 = Release|x64
		{B4EE76FA-586F-E50A-B1E3-D8E84166E094}.Rsharp_app_release|Any CPU.ActiveCfg = Rsharp_app_release|Any CPU
		{B4EE76FA-586F-E50A-B1E3-D8E84166E094}.Rsharp_app_release|Any CPU.Build.0 = Rsharp_app_release|Any CPU
		{B4EE76FA-586F-E50A-B1E3-D8E84166E094}.Rsharp_app_release|x64.ActiveCfg = Rsharp_app_release|x64
		{B4EE76FA-586F-E50A-B1E3-D8E84166E094}.Rsharp_app_release|x64.Build.0 = Rsharp_app_release|x64
		{88EA6B10-A643-A591-C954-9D20F2731D0B}.Debug|Any CPU.ActiveCfg = Debug|Any CPU
		{88EA6B10-A643-A591-C954-9D20F2731D0B}.Debug|Any CPU.Build.0 = Debug|Any CPU
		{88EA6B10-A643-A591-C954-9D20F2731D0B}.Debug|x64.ActiveCfg = Debug|x64
		{88EA6B10-A643-A591-C954-9D20F2731D0B}.Debug|x64.Build.0 = Debug|x64
		{88EA6B10-A643-A591-C954-9D20F2731D0B}.mzkit_win32|Any CPU.ActiveCfg = mzkit_win32|Any CPU
		{88EA6B10-A643-A591-C954-9D20F2731D0B}.mzkit_win32|Any CPU.Build.0 = mzkit_win32|Any CPU
		{88EA6B10-A643-A591-C954-9D20F2731D0B}.mzkit_win32|x64.ActiveCfg = mzkit_win32|x64
		{88EA6B10-A643-A591-C954-9D20F2731D0B}.mzkit_win32|x64.Build.0 = mzkit_win32|x64
		{88EA6B10-A643-A591-C954-9D20F2731D0B}.Release|Any CPU.ActiveCfg = Release|Any CPU
		{88EA6B10-A643-A591-C954-9D20F2731D0B}.Release|Any CPU.Build.0 = Release|Any CPU
		{88EA6B10-A643-A591-C954-9D20F2731D0B}.Release|x64.ActiveCfg = Release|x64
		{88EA6B10-A643-A591-C954-9D20F2731D0B}.Release|x64.Build.0 = Release|x64
		{88EA6B10-A643-A591-C954-9D20F2731D0B}.Rsharp_app_release|Any CPU.ActiveCfg = Rsharp_app_release|Any CPU
		{88EA6B10-A643-A591-C954-9D20F2731D0B}.Rsharp_app_release|Any CPU.Build.0 = Rsharp_app_release|Any CPU
		{88EA6B10-A643-A591-C954-9D20F2731D0B}.Rsharp_app_release|x64.ActiveCfg = Rsharp_app_release|x64
		{88EA6B10-A643-A591-C954-9D20F2731D0B}.Rsharp_app_release|x64.Build.0 = Rsharp_app_release|x64
		{A13388C4-87CF-6729-D0E4-5E6AA5F83AA3}.Debug|Any CPU.ActiveCfg = Debug|Any CPU
		{A13388C4-87CF-6729-D0E4-5E6AA5F83AA3}.Debug|Any CPU.Build.0 = Debug|Any CPU
		{A13388C4-87CF-6729-D0E4-5E6AA5F83AA3}.Debug|x64.ActiveCfg = Debug|x64
		{A13388C4-87CF-6729-D0E4-5E6AA5F83AA3}.Debug|x64.Build.0 = Debug|x64
		{A13388C4-87CF-6729-D0E4-5E6AA5F83AA3}.mzkit_win32|Any CPU.ActiveCfg = Rsharp_app_release|Any CPU
		{A13388C4-87CF-6729-D0E4-5E6AA5F83AA3}.mzkit_win32|Any CPU.Build.0 = Rsharp_app_release|Any CPU
		{A13388C4-87CF-6729-D0E4-5E6AA5F83AA3}.mzkit_win32|x64.ActiveCfg = Rsharp_app_release|x64
		{A13388C4-87CF-6729-D0E4-5E6AA5F83AA3}.mzkit_win32|x64.Build.0 = Rsharp_app_release|x64
		{A13388C4-87CF-6729-D0E4-5E6AA5F83AA3}.Release|Any CPU.ActiveCfg = Release|Any CPU
		{A13388C4-87CF-6729-D0E4-5E6AA5F83AA3}.Release|Any CPU.Build.0 = Release|Any CPU
		{A13388C4-87CF-6729-D0E4-5E6AA5F83AA3}.Release|x64.ActiveCfg = Release|x64
		{A13388C4-87CF-6729-D0E4-5E6AA5F83AA3}.Release|x64.Build.0 = Release|x64
		{A13388C4-87CF-6729-D0E4-5E6AA5F83AA3}.Rsharp_app_release|Any CPU.ActiveCfg = Rsharp_app_release|Any CPU
		{A13388C4-87CF-6729-D0E4-5E6AA5F83AA3}.Rsharp_app_release|Any CPU.Build.0 = Rsharp_app_release|Any CPU
		{A13388C4-87CF-6729-D0E4-5E6AA5F83AA3}.Rsharp_app_release|x64.ActiveCfg = Rsharp_app_release|x64
		{A13388C4-87CF-6729-D0E4-5E6AA5F83AA3}.Rsharp_app_release|x64.Build.0 = Rsharp_app_release|x64
	EndGlobalSection
	GlobalSection(SolutionProperties) = preSolution
		HideSolutionNode = FALSE
	EndGlobalSection
	GlobalSection(NestedProjects) = preSolution
		{896A1DF9-BF52-17C7-D41C-F7730E5B1968} = {804D3536-26DC-4782-ACC2-547A74664828}
		{64F18BC2-274C-ADF7-6C01-C72B840A4351} = {D18AD8E2-F9B9-4580-AB15-B1DC615BDF1F}
		{C478479D-1F40-70E9-D812-6DB13ECA4C0F} = {D18AD8E2-F9B9-4580-AB15-B1DC615BDF1F}
		{7F232937-9B56-CDC2-A75C-FA0F6050DC0D} = {D18AD8E2-F9B9-4580-AB15-B1DC615BDF1F}
		{13C76BC7-8D99-9DCD-A72C-4CE9E18B5A08} = {D18AD8E2-F9B9-4580-AB15-B1DC615BDF1F}
		{086A5F2A-1A3D-E3E7-58E4-6587879F25C5} = {D18AD8E2-F9B9-4580-AB15-B1DC615BDF1F}
		{1D3ACA40-5ECC-6B1F-AD5F-4D915668FD67} = {804D3536-26DC-4782-ACC2-547A74664828}
		{BB7C972F-5829-82C3-D1FB-0FAE5581933E} = {804D3536-26DC-4782-ACC2-547A74664828}
		{C4A9549E-71BC-6976-3D82-6221CEF119C1} = {804D3536-26DC-4782-ACC2-547A74664828}
		{AC103C2F-505C-4757-9D4A-AA49F4BE56FE} = {804D3536-26DC-4782-ACC2-547A74664828}
		{B4EE76FA-586F-E50A-B1E3-D8E84166E094} = {AC103C2F-505C-4757-9D4A-AA49F4BE56FE}
		{88EA6B10-A643-A591-C954-9D20F2731D0B} = {AC103C2F-505C-4757-9D4A-AA49F4BE56FE}
		{A13388C4-87CF-6729-D0E4-5E6AA5F83AA3} = {AC103C2F-505C-4757-9D4A-AA49F4BE56FE}
	EndGlobalSection
	GlobalSection(ExtensibilityGlobals) = postSolution
		SolutionGuid = {A8C62369-53DD-457C-AE08-2E62E51654CD}
	EndGlobalSection
	GlobalSection(SharedMSBuildProjectFiles) = preSolution
		Shared\LicenseShared.projitems*{7126792e-c255-5790-fdff-313015bfb881}*SharedItemsImports = 5
		Shared\LicenseShared.projitems*{7f232937-9b56-cdc2-a75c-fa0f6050dc0d}*SharedItemsImports = 5
		Shared\LicenseShared.projitems*{81390088-c611-4629-b785-93e1d6f0c913}*SharedItemsImports = 13
	EndGlobalSection
EndGlobal
