
Microsoft Visual Studio Solution File, Format Version 12.00
# Visual Studio Version 17
VisualStudioVersion = 17.14.36518.9
MinimumVisualStudioVersion = 10.0.40219.1
Project("{2150E333-8FDC-42A3-9474-1A3956D46DE8}") = "framework", "framework", "{02EA681E-C7D8-13C7-8484-4AC65E1B71E8}"
EndProject
Project("{F184B08F-C81C-45F6-A57F-5ABD9991F28F}") = "Core", "..\..\GCModeller\src\runtime\sciBASIC#\Microsoft.VisualBasic.Core\src\Core.vbproj", "{396CCD83-4B4E-84CB-6056-022317FD64BE}"
EndProject
Project("{F184B08F-C81C-45F6-A57F-5ABD9991F28F}") = "JSON-netcore5", "..\..\GCModeller\src\runtime\sciBASIC#\mime\application%json\JSON-netcore5.vbproj", "{BE4A2EA0-C600-FCE9-D542-79B9A0D68583}"
EndProject
Project("{F184B08F-C81C-45F6-A57F-5ABD9991F28F}") = "GalaxyData", "GalaxyData\GalaxyData.vbproj", "{87D65ADD-FE86-4239-AF7E-A37410354A0C}"
EndProject
Global
	GlobalSection(SolutionConfigurationPlatforms) = preSolution
		Debug|Any CPU = Debug|Any CPU
		Debug|x64 = Debug|x64
		mzkit_win32|Any CPU = mzkit_win32|Any CPU
		mzkit_win32|x64 = mzkit_win32|x64
		Release|Any CPU = Release|Any CPU
		Release|x64 = Release|x64
	EndGlobalSection
	GlobalSection(ProjectConfigurationPlatforms) = postSolution
		{396CCD83-4B4E-84CB-6056-022317FD64BE}.Debug|Any CPU.ActiveCfg = Debug|Any CPU
		{396CCD83-4B4E-84CB-6056-022317FD64BE}.Debug|Any CPU.Build.0 = Debug|Any CPU
		{396CCD83-4B4E-84CB-6056-022317FD64BE}.Debug|x64.ActiveCfg = Debug|x64
		{396CCD83-4B4E-84CB-6056-022317FD64BE}.Debug|x64.Build.0 = Debug|x64
		{396CCD83-4B4E-84CB-6056-022317FD64BE}.mzkit_win32|Any CPU.ActiveCfg = mzkit_win32|Any CPU
		{396CCD83-4B4E-84CB-6056-022317FD64BE}.mzkit_win32|Any CPU.Build.0 = mzkit_win32|Any CPU
		{396CCD83-4B4E-84CB-6056-022317FD64BE}.mzkit_win32|x64.ActiveCfg = mzkit_win32|x64
		{396CCD83-4B4E-84CB-6056-022317FD64BE}.mzkit_win32|x64.Build.0 = mzkit_win32|x64
		{396CCD83-4B4E-84CB-6056-022317FD64BE}.Release|Any CPU.ActiveCfg = Release|Any CPU
		{396CCD83-4B4E-84CB-6056-022317FD64BE}.Release|Any CPU.Build.0 = Release|Any CPU
		{396CCD83-4B4E-84CB-6056-022317FD64BE}.Release|x64.ActiveCfg = Release|x64
		{396CCD83-4B4E-84CB-6056-022317FD64BE}.Release|x64.Build.0 = Release|x64
		{BE4A2EA0-C600-FCE9-D542-79B9A0D68583}.Debug|Any CPU.ActiveCfg = Debug|Any CPU
		{BE4A2EA0-C600-FCE9-D542-79B9A0D68583}.Debug|Any CPU.Build.0 = Debug|Any CPU
		{BE4A2EA0-C600-FCE9-D542-79B9A0D68583}.Debug|x64.ActiveCfg = Debug|x64
		{BE4A2EA0-C600-FCE9-D542-79B9A0D68583}.Debug|x64.Build.0 = Debug|x64
		{BE4A2EA0-C600-FCE9-D542-79B9A0D68583}.mzkit_win32|Any CPU.ActiveCfg = mzkit_win32|Any CPU
		{BE4A2EA0-C600-FCE9-D542-79B9A0D68583}.mzkit_win32|Any CPU.Build.0 = mzkit_win32|Any CPU
		{BE4A2EA0-C600-FCE9-D542-79B9A0D68583}.mzkit_win32|x64.ActiveCfg = mzkit_win32|x64
		{BE4A2EA0-C600-FCE9-D542-79B9A0D68583}.mzkit_win32|x64.Build.0 = mzkit_win32|x64
		{BE4A2EA0-C600-FCE9-D542-79B9A0D68583}.Release|Any CPU.ActiveCfg = Release|Any CPU
		{BE4A2EA0-C600-FCE9-D542-79B9A0D68583}.Release|Any CPU.Build.0 = Release|Any CPU
		{BE4A2EA0-C600-FCE9-D542-79B9A0D68583}.Release|x64.ActiveCfg = Release|x64
		{BE4A2EA0-C600-FCE9-D542-79B9A0D68583}.Release|x64.Build.0 = Release|x64
		{87D65ADD-FE86-4239-AF7E-A37410354A0C}.Debug|Any CPU.ActiveCfg = Debug|Any CPU
		{87D65ADD-FE86-4239-AF7E-A37410354A0C}.Debug|Any CPU.Build.0 = Debug|Any CPU
		{87D65ADD-FE86-4239-AF7E-A37410354A0C}.Debug|x64.ActiveCfg = Debug|x64
		{87D65ADD-FE86-4239-AF7E-A37410354A0C}.Debug|x64.Build.0 = Debug|x64
		{87D65ADD-FE86-4239-AF7E-A37410354A0C}.mzkit_win32|Any CPU.ActiveCfg = Release|Any CPU
		{87D65ADD-FE86-4239-AF7E-A37410354A0C}.mzkit_win32|Any CPU.Build.0 = Release|Any CPU
		{87D65ADD-FE86-4239-AF7E-A37410354A0C}.mzkit_win32|x64.ActiveCfg = Release|Any CPU
		{87D65ADD-FE86-4239-AF7E-A37410354A0C}.mzkit_win32|x64.Build.0 = Release|Any CPU
		{87D65ADD-FE86-4239-AF7E-A37410354A0C}.Release|Any CPU.ActiveCfg = Release|Any CPU
		{87D65ADD-FE86-4239-AF7E-A37410354A0C}.Release|Any CPU.Build.0 = Release|Any CPU
		{87D65ADD-FE86-4239-AF7E-A37410354A0C}.Release|x64.ActiveCfg = Release|Any CPU
		{87D65ADD-FE86-4239-AF7E-A37410354A0C}.Release|x64.Build.0 = Release|Any CPU
	EndGlobalSection
	GlobalSection(SolutionProperties) = preSolution
		HideSolutionNode = FALSE
	EndGlobalSection
	GlobalSection(NestedProjects) = preSolution
		{396CCD83-4B4E-84CB-6056-022317FD64BE} = {02EA681E-C7D8-13C7-8484-4AC65E1B71E8}
		{BE4A2EA0-C600-FCE9-D542-79B9A0D68583} = {02EA681E-C7D8-13C7-8484-4AC65E1B71E8}
	EndGlobalSection
	GlobalSection(ExtensibilityGlobals) = postSolution
		SolutionGuid = {3958ABFB-93F0-45E4-8957-FED9918DC189}
	EndGlobalSection
EndGlobal
