
Microsoft Visual Studio Solution File, Format Version 12.00
# Visual Studio Version 18
VisualStudioVersion = 18.0.11217.181 d18.0
MinimumVisualStudioVersion = 10.0.40219.1
Project("{2150E333-8FDC-42A3-9474-1A3956D46DE8}") = "framework", "framework", "{02EA681E-C7D8-13C7-8484-4AC65E1B71E8}"
EndProject
Project("{F184B08F-C81C-45F6-A57F-5ABD9991F28F}") = "Core", "..\..\GCModeller\src\runtime\sciBASIC#\Microsoft.VisualBasic.Core\src\Core.vbproj", "{396CCD83-4B4E-84CB-6056-022317FD64BE}"
EndProject
Project("{F184B08F-C81C-45F6-A57F-5ABD9991F28F}") = "JSON-netcore5", "..\..\GCModeller\src\runtime\sciBASIC#\mime\application%json\JSON-netcore5.vbproj", "{BE4A2EA0-C600-FCE9-D542-79B9A0D68583}"
EndProject
Project("{F184B08F-C81C-45F6-A57F-5ABD9991F28F}") = "GalaxyData", "GalaxyData\GalaxyData.vbproj", "{87D65ADD-FE86-4239-AF7E-A37410354A0C}"
EndProject
Project("{F184B08F-C81C-45F6-A57F-5ABD9991F28F}") = "Microsoft.Windows.FeatureAPI", "Microsoft.Windows.FeatureAPI\Microsoft.Windows.FeatureAPI.vbproj", "{3D61F3A9-A8E0-4195-9133-6FD8E4B82D54}"
EndProject
Project("{F184B08F-C81C-45F6-A57F-5ABD9991F28F}") = "GalaxyWorkbench", "GalaxyWorkbench\GalaxyWorkbench.vbproj", "{EC84CBB4-8E2D-48EA-9E6C-3D7CF0BBB452}"
EndProject
Project("{F184B08F-C81C-45F6-A57F-5ABD9991F28F}") = "VisualStudio.NET5", "..\..\GCModeller\src\runtime\sciBASIC#\vs_solutions\dev\VisualStudio\VisualStudio.NET5.vbproj", "{D98C3F2E-4A2C-F032-CECB-51BCFCC6A97C}"
EndProject
Project("{F184B08F-C81C-45F6-A57F-5ABD9991F28F}") = "GalaxyForm", "GalaxyForm\GalaxyForm.vbproj", "{A984CD4B-B40D-4389-961F-C9136D13C50F}"
EndProject
Project("{F184B08F-C81C-45F6-A57F-5ABD9991F28F}") = "dataframework-netcore5", "..\..\GCModeller\src\runtime\sciBASIC#\Data\DataFrame\dataframework-netcore5.vbproj", "{F5171153-AEE8-69B3-0273-1D621019EC9B}"
EndProject
Project("{F184B08F-C81C-45F6-A57F-5ABD9991F28F}") = "xlsx-netcore5", "..\..\GCModeller\src\runtime\sciBASIC#\mime\application%vnd.openxmlformats-officedocument.spreadsheetml.sheet\Excel\xlsx-netcore5.vbproj", "{24B4FA10-E11E-681B-FD20-1997AB445229}"
EndProject
Project("{2150E333-8FDC-42A3-9474-1A3956D46DE8}") = "libs", "libs", "{8C618855-BA38-47F5-A5FD-129C0D7F7F04}"
EndProject
Project("{2150E333-8FDC-42A3-9474-1A3956D46DE8}") = "dockpanelsuite", "dockpanelsuite", "{885C0CA4-4AFA-4422-ADDF-6540B110D36B}"
EndProject
Project("{F184B08F-C81C-45F6-A57F-5ABD9991F28F}") = "VSDockPanel", "dockpanelsuite\VSDockPanel\VSDockPanel.vbproj", "{E995B23D-C752-21CB-575B-0B812FC3727A}"
EndProject
Project("{F184B08F-C81C-45F6-A57F-5ABD9991F28F}") = "ThemeVS2015", "dockpanelsuite\Themes\ThemeVS2015.vbproj", "{900306BB-63BA-4F02-A09A-B8D5929255E0}"
EndProject
Project("{F184B08F-C81C-45F6-A57F-5ABD9991F28F}") = "Drawing-net4.8", "..\..\GCModeller\src\runtime\sciBASIC#\gr\Drawing-net4.8\Drawing-net4.8.vbproj", "{66E8C726-0036-41FB-23E2-9E3FADD00407}"
EndProject
Project("{F184B08F-C81C-45F6-A57F-5ABD9991F28F}") = "html_netcore5", "..\..\GCModeller\src\runtime\sciBASIC#\mime\text%html\html_netcore5.vbproj", "{046160C8-605C-D212-0A20-624A0290352E}"
EndProject
Project("{F184B08F-C81C-45F6-A57F-5ABD9991F28F}") = "Math.NET5", "..\..\GCModeller\src\runtime\sciBASIC#\Data_science\Mathematica\Math\Math\Math.NET5.vbproj", "{9C9F4004-9F8A-DB97-4B9B-267C241A815F}"
EndProject
Project("{F184B08F-C81C-45F6-A57F-5ABD9991F28F}") = "ExcelPad", "ExcelPad\ExcelPad.vbproj", "{661BE8AB-58A4-076F-2152-105FAE51EB90}"
EndProject
Project("{2150E333-8FDC-42A3-9474-1A3956D46DE8}") = "ggplot", "ggplot", "{C4C021B6-4183-43DF-AED0-51C9864EEDAE}"
EndProject
Project("{F184B08F-C81C-45F6-A57F-5ABD9991F28F}") = "ggplot.NET5", "..\..\GCModeller\src\runtime\ggplot\src\ggplot\ggplot.NET5.vbproj", "{A78E4FD2-EDE8-5EE4-77BD-A5084109EC70}"
EndProject
Project("{2150E333-8FDC-42A3-9474-1A3956D46DE8}") = "data", "data", "{B5B28EB1-DFC7-4FC0-BB37-01B6BC36F349}"
EndProject
Project("{2150E333-8FDC-42A3-9474-1A3956D46DE8}") = "math", "math", "{6E8B43C6-85A4-43B8-8F43-7A786170743F}"
EndProject
Project("{2150E333-8FDC-42A3-9474-1A3956D46DE8}") = "visualPlot", "visualPlot", "{1708D61E-3B48-4E16-83B8-D3128307AEDD}"
EndProject
Project("{F184B08F-C81C-45F6-A57F-5ABD9991F28F}") = "Rsharp-netcore5", "..\..\GCModeller\src\R-sharp\R#\Rsharp-netcore5.vbproj", "{1D2CD6A8-035B-0D84-7CF1-CE197FDD3C9B}"
EndProject
Project("{F184B08F-C81C-45F6-A57F-5ABD9991F28F}") = "ANOVA", "..\..\GCModeller\src\runtime\sciBASIC#\Data_science\Mathematica\Math\ANOVA\ANOVA.vbproj", "{ABA9C438-6701-A2F3-7236-F5405905C9BF}"
EndProject
Project("{F184B08F-C81C-45F6-A57F-5ABD9991F28F}") = "stats-netcore5", "..\..\GCModeller\src\runtime\sciBASIC#\Data_science\Mathematica\Math\Math.Statistics\stats-netcore5.vbproj", "{E5C85710-384C-B034-409A-F8584F78C51A}"
EndProject
Project("{F184B08F-C81C-45F6-A57F-5ABD9991F28F}") = "ggviewer", "..\..\ggviewer\src\ggviewer.vbproj", "{C5F8F1F1-A01D-E0C6-A0EC-AB2C67800312}"
EndProject
Project("{F184B08F-C81C-45F6-A57F-5ABD9991F28F}") = "R_graphics.common_runtime", "..\..\GCModeller\src\R-sharp\Library\shares\graphics.common_runtime\R_graphics.common_runtime.vbproj", "{1AE6C39C-DD2B-5D64-2E80-B95C3A0EF554}"
EndProject
Project("{F184B08F-C81C-45F6-A57F-5ABD9991F28F}") = "imaging.NET5", "..\..\GCModeller\src\runtime\sciBASIC#\gr\Microsoft.VisualBasic.Imaging\imaging.NET5.vbproj", "{2DC55B9F-2122-5938-595D-BDAE1BCEDA1B}"
EndProject
Project("{F184B08F-C81C-45F6-A57F-5ABD9991F28F}") = "Microsoft.VisualBasic.Drawing", "..\..\Microsoft.VisualBasic.Drawing\src\Microsoft.VisualBasic.Drawing\Microsoft.VisualBasic.Drawing.vbproj", "{DDAC6099-3440-973D-0B26-6E14064D4C4A}"
EndProject
Project("{F184B08F-C81C-45F6-A57F-5ABD9991F28F}") = "plots-netcore5", "..\..\GCModeller\src\runtime\sciBASIC#\Data_science\Visualization\Plots\plots-netcore5.vbproj", "{2E03FA62-D5D9-50DE-1029-CF59608DF671}"
EndProject
Global
	GlobalSection(SolutionConfigurationPlatforms) = preSolution
		Debug|Any CPU = Debug|Any CPU
		Debug|x64 = Debug|x64
		mzkit_win32|Any CPU = mzkit_win32|Any CPU
		mzkit_win32|x64 = mzkit_win32|x64
		Release|Any CPU = Release|Any CPU
		Release|x64 = Release|x64
	EndGlobalSection
	GlobalSection(ProjectConfigurationPlatforms) = postSolution
		{396CCD83-4B4E-84CB-6056-022317FD64BE}.Debug|Any CPU.ActiveCfg = Debug|Any CPU
		{396CCD83-4B4E-84CB-6056-022317FD64BE}.Debug|Any CPU.Build.0 = Debug|Any CPU
		{396CCD83-4B4E-84CB-6056-022317FD64BE}.Debug|x64.ActiveCfg = Debug|x64
		{396CCD83-4B4E-84CB-6056-022317FD64BE}.Debug|x64.Build.0 = Debug|x64
		{396CCD83-4B4E-84CB-6056-022317FD64BE}.mzkit_win32|Any CPU.ActiveCfg = mzkit_win32|Any CPU
		{396CCD83-4B4E-84CB-6056-022317FD64BE}.mzkit_win32|Any CPU.Build.0 = mzkit_win32|Any CPU
		{396CCD83-4B4E-84CB-6056-022317FD64BE}.mzkit_win32|x64.ActiveCfg = mzkit_win32|x64
		{396CCD83-4B4E-84CB-6056-022317FD64BE}.mzkit_win32|x64.Build.0 = mzkit_win32|x64
		{396CCD83-4B4E-84CB-6056-022317FD64BE}.Release|Any CPU.ActiveCfg = Release|Any CPU
		{396CCD83-4B4E-84CB-6056-022317FD64BE}.Release|Any CPU.Build.0 = Release|Any CPU
		{396CCD83-4B4E-84CB-6056-022317FD64BE}.Release|x64.ActiveCfg = Release|x64
		{396CCD83-4B4E-84CB-6056-022317FD64BE}.Release|x64.Build.0 = Release|x64
		{BE4A2EA0-C600-FCE9-D542-79B9A0D68583}.Debug|Any CPU.ActiveCfg = Debug|Any CPU
		{BE4A2EA0-C600-FCE9-D542-79B9A0D68583}.Debug|Any CPU.Build.0 = Debug|Any CPU
		{BE4A2EA0-C600-FCE9-D542-79B9A0D68583}.Debug|x64.ActiveCfg = Debug|x64
		{BE4A2EA0-C600-FCE9-D542-79B9A0D68583}.Debug|x64.Build.0 = Debug|x64
		{BE4A2EA0-C600-FCE9-D542-79B9A0D68583}.mzkit_win32|Any CPU.ActiveCfg = mzkit_win32|Any CPU
		{BE4A2EA0-C600-FCE9-D542-79B9A0D68583}.mzkit_win32|Any CPU.Build.0 = mzkit_win32|Any CPU
		{BE4A2EA0-C600-FCE9-D542-79B9A0D68583}.mzkit_win32|x64.ActiveCfg = mzkit_win32|x64
		{BE4A2EA0-C600-FCE9-D542-79B9A0D68583}.mzkit_win32|x64.Build.0 = mzkit_win32|x64
		{BE4A2EA0-C600-FCE9-D542-79B9A0D68583}.Release|Any CPU.ActiveCfg = Release|Any CPU
		{BE4A2EA0-C600-FCE9-D542-79B9A0D68583}.Release|Any CPU.Build.0 = Release|Any CPU
		{BE4A2EA0-C600-FCE9-D542-79B9A0D68583}.Release|x64.ActiveCfg = Release|x64
		{BE4A2EA0-C600-FCE9-D542-79B9A0D68583}.Release|x64.Build.0 = Release|x64
		{87D65ADD-FE86-4239-AF7E-A37410354A0C}.Debug|Any CPU.ActiveCfg = Debug|Any CPU
		{87D65ADD-FE86-4239-AF7E-A37410354A0C}.Debug|Any CPU.Build.0 = Debug|Any CPU
		{87D65ADD-FE86-4239-AF7E-A37410354A0C}.Debug|x64.ActiveCfg = Debug|x64
		{87D65ADD-FE86-4239-AF7E-A37410354A0C}.Debug|x64.Build.0 = Debug|x64
		{87D65ADD-FE86-4239-AF7E-A37410354A0C}.mzkit_win32|Any CPU.ActiveCfg = Release|Any CPU
		{87D65ADD-FE86-4239-AF7E-A37410354A0C}.mzkit_win32|Any CPU.Build.0 = Release|Any CPU
		{87D65ADD-FE86-4239-AF7E-A37410354A0C}.mzkit_win32|x64.ActiveCfg = Release|Any CPU
		{87D65ADD-FE86-4239-AF7E-A37410354A0C}.mzkit_win32|x64.Build.0 = Release|Any CPU
		{87D65ADD-FE86-4239-AF7E-A37410354A0C}.Release|Any CPU.ActiveCfg = Release|Any CPU
		{87D65ADD-FE86-4239-AF7E-A37410354A0C}.Release|Any CPU.Build.0 = Release|Any CPU
		{87D65ADD-FE86-4239-AF7E-A37410354A0C}.Release|x64.ActiveCfg = Release|Any CPU
		{87D65ADD-FE86-4239-AF7E-A37410354A0C}.Release|x64.Build.0 = Release|Any CPU
		{3D61F3A9-A8E0-4195-9133-6FD8E4B82D54}.Debug|Any CPU.ActiveCfg = Debug|Any CPU
		{3D61F3A9-A8E0-4195-9133-6FD8E4B82D54}.Debug|Any CPU.Build.0 = Debug|Any CPU
		{3D61F3A9-A8E0-4195-9133-6FD8E4B82D54}.Debug|x64.ActiveCfg = Debug|Any CPU
		{3D61F3A9-A8E0-4195-9133-6FD8E4B82D54}.Debug|x64.Build.0 = Debug|Any CPU
		{3D61F3A9-A8E0-4195-9133-6FD8E4B82D54}.mzkit_win32|Any CPU.ActiveCfg = Release|Any CPU
		{3D61F3A9-A8E0-4195-9133-6FD8E4B82D54}.mzkit_win32|Any CPU.Build.0 = Release|Any CPU
		{3D61F3A9-A8E0-4195-9133-6FD8E4B82D54}.mzkit_win32|x64.ActiveCfg = Release|Any CPU
		{3D61F3A9-A8E0-4195-9133-6FD8E4B82D54}.mzkit_win32|x64.Build.0 = Release|Any CPU
		{3D61F3A9-A8E0-4195-9133-6FD8E4B82D54}.Release|Any CPU.ActiveCfg = Release|Any CPU
		{3D61F3A9-A8E0-4195-9133-6FD8E4B82D54}.Release|Any CPU.Build.0 = Release|Any CPU
		{3D61F3A9-A8E0-4195-9133-6FD8E4B82D54}.Release|x64.ActiveCfg = Release|Any CPU
		{3D61F3A9-A8E0-4195-9133-6FD8E4B82D54}.Release|x64.Build.0 = Release|Any CPU
		{EC84CBB4-8E2D-48EA-9E6C-3D7CF0BBB452}.Debug|Any CPU.ActiveCfg = Debug|Any CPU
		{EC84CBB4-8E2D-48EA-9E6C-3D7CF0BBB452}.Debug|Any CPU.Build.0 = Debug|Any CPU
		{EC84CBB4-8E2D-48EA-9E6C-3D7CF0BBB452}.Debug|x64.ActiveCfg = Debug|x64
		{EC84CBB4-8E2D-48EA-9E6C-3D7CF0BBB452}.Debug|x64.Build.0 = Debug|x64
		{EC84CBB4-8E2D-48EA-9E6C-3D7CF0BBB452}.mzkit_win32|Any CPU.ActiveCfg = Release|Any CPU
		{EC84CBB4-8E2D-48EA-9E6C-3D7CF0BBB452}.mzkit_win32|Any CPU.Build.0 = Release|Any CPU
		{EC84CBB4-8E2D-48EA-9E6C-3D7CF0BBB452}.mzkit_win32|x64.ActiveCfg = Release|Any CPU
		{EC84CBB4-8E2D-48EA-9E6C-3D7CF0BBB452}.mzkit_win32|x64.Build.0 = Release|Any CPU
		{EC84CBB4-8E2D-48EA-9E6C-3D7CF0BBB452}.Release|Any CPU.ActiveCfg = Release|Any CPU
		{EC84CBB4-8E2D-48EA-9E6C-3D7CF0BBB452}.Release|Any CPU.Build.0 = Release|Any CPU
		{EC84CBB4-8E2D-48EA-9E6C-3D7CF0BBB452}.Release|x64.ActiveCfg = Release|Any CPU
		{EC84CBB4-8E2D-48EA-9E6C-3D7CF0BBB452}.Release|x64.Build.0 = Release|Any CPU
		{D98C3F2E-4A2C-F032-CECB-51BCFCC6A97C}.Debug|Any CPU.ActiveCfg = Debug|Any CPU
		{D98C3F2E-4A2C-F032-CECB-51BCFCC6A97C}.Debug|Any CPU.Build.0 = Debug|Any CPU
		{D98C3F2E-4A2C-F032-CECB-51BCFCC6A97C}.Debug|x64.ActiveCfg = Debug|x64
		{D98C3F2E-4A2C-F032-CECB-51BCFCC6A97C}.Debug|x64.Build.0 = Debug|x64
		{D98C3F2E-4A2C-F032-CECB-51BCFCC6A97C}.mzkit_win32|Any CPU.ActiveCfg = mzkit_win32|Any CPU
		{D98C3F2E-4A2C-F032-CECB-51BCFCC6A97C}.mzkit_win32|Any CPU.Build.0 = mzkit_win32|Any CPU
		{D98C3F2E-4A2C-F032-CECB-51BCFCC6A97C}.mzkit_win32|x64.ActiveCfg = mzkit_win32|x64
		{D98C3F2E-4A2C-F032-CECB-51BCFCC6A97C}.mzkit_win32|x64.Build.0 = mzkit_win32|x64
		{D98C3F2E-4A2C-F032-CECB-51BCFCC6A97C}.Release|Any CPU.ActiveCfg = Release|Any CPU
		{D98C3F2E-4A2C-F032-CECB-51BCFCC6A97C}.Release|Any CPU.Build.0 = Release|Any CPU
		{D98C3F2E-4A2C-F032-CECB-51BCFCC6A97C}.Release|x64.ActiveCfg = Release|x64
		{D98C3F2E-4A2C-F032-CECB-51BCFCC6A97C}.Release|x64.Build.0 = Release|x64
		{A984CD4B-B40D-4389-961F-C9136D13C50F}.Debug|Any CPU.ActiveCfg = Debug|Any CPU
		{A984CD4B-B40D-4389-961F-C9136D13C50F}.Debug|Any CPU.Build.0 = Debug|Any CPU
		{A984CD4B-B40D-4389-961F-C9136D13C50F}.Debug|x64.ActiveCfg = Debug|x64
		{A984CD4B-B40D-4389-961F-C9136D13C50F}.Debug|x64.Build.0 = Debug|x64
		{A984CD4B-B40D-4389-961F-C9136D13C50F}.mzkit_win32|Any CPU.ActiveCfg = Release|Any CPU
		{A984CD4B-B40D-4389-961F-C9136D13C50F}.mzkit_win32|Any CPU.Build.0 = Release|Any CPU
		{A984CD4B-B40D-4389-961F-C9136D13C50F}.mzkit_win32|x64.ActiveCfg = Release|Any CPU
		{A984CD4B-B40D-4389-961F-C9136D13C50F}.mzkit_win32|x64.Build.0 = Release|Any CPU
		{A984CD4B-B40D-4389-961F-C9136D13C50F}.Release|Any CPU.ActiveCfg = Release|Any CPU
		{A984CD4B-B40D-4389-961F-C9136D13C50F}.Release|Any CPU.Build.0 = Release|Any CPU
		{A984CD4B-B40D-4389-961F-C9136D13C50F}.Release|x64.ActiveCfg = Release|Any CPU
		{A984CD4B-B40D-4389-961F-C9136D13C50F}.Release|x64.Build.0 = Release|Any CPU
		{F5171153-AEE8-69B3-0273-1D621019EC9B}.Debug|Any CPU.ActiveCfg = Debug|Any CPU
		{F5171153-AEE8-69B3-0273-1D621019EC9B}.Debug|Any CPU.Build.0 = Debug|Any CPU
		{F5171153-AEE8-69B3-0273-1D621019EC9B}.Debug|x64.ActiveCfg = Debug|x64
		{F5171153-AEE8-69B3-0273-1D621019EC9B}.Debug|x64.Build.0 = Debug|x64
		{F5171153-AEE8-69B3-0273-1D621019EC9B}.mzkit_win32|Any CPU.ActiveCfg = mzkit_win32|Any CPU
		{F5171153-AEE8-69B3-0273-1D621019EC9B}.mzkit_win32|Any CPU.Build.0 = mzkit_win32|Any CPU
		{F5171153-AEE8-69B3-0273-1D621019EC9B}.mzkit_win32|x64.ActiveCfg = mzkit_win32|x64
		{F5171153-AEE8-69B3-0273-1D621019EC9B}.mzkit_win32|x64.Build.0 = mzkit_win32|x64
		{F5171153-AEE8-69B3-0273-1D621019EC9B}.Release|Any CPU.ActiveCfg = Release|Any CPU
		{F5171153-AEE8-69B3-0273-1D621019EC9B}.Release|Any CPU.Build.0 = Release|Any CPU
		{F5171153-AEE8-69B3-0273-1D621019EC9B}.Release|x64.ActiveCfg = Release|x64
		{F5171153-AEE8-69B3-0273-1D621019EC9B}.Release|x64.Build.0 = Release|x64
		{24B4FA10-E11E-681B-FD20-1997AB445229}.Debug|Any CPU.ActiveCfg = Debug|Any CPU
		{24B4FA10-E11E-681B-FD20-1997AB445229}.Debug|Any CPU.Build.0 = Debug|Any CPU
		{24B4FA10-E11E-681B-FD20-1997AB445229}.Debug|x64.ActiveCfg = Debug|x64
		{24B4FA10-E11E-681B-FD20-1997AB445229}.Debug|x64.Build.0 = Debug|x64
		{24B4FA10-E11E-681B-FD20-1997AB445229}.mzkit_win32|Any CPU.ActiveCfg = Rsharp_app_release|Any CPU
		{24B4FA10-E11E-681B-FD20-1997AB445229}.mzkit_win32|Any CPU.Build.0 = Rsharp_app_release|Any CPU
		{24B4FA10-E11E-681B-FD20-1997AB445229}.mzkit_win32|x64.ActiveCfg = Rsharp_app_release|x64
		{24B4FA10-E11E-681B-FD20-1997AB445229}.mzkit_win32|x64.Build.0 = Rsharp_app_release|x64
		{24B4FA10-E11E-681B-FD20-1997AB445229}.Release|Any CPU.ActiveCfg = Release|Any CPU
		{24B4FA10-E11E-681B-FD20-1997AB445229}.Release|Any CPU.Build.0 = Release|Any CPU
		{24B4FA10-E11E-681B-FD20-1997AB445229}.Release|x64.ActiveCfg = Release|x64
		{24B4FA10-E11E-681B-FD20-1997AB445229}.Release|x64.Build.0 = Release|x64
		{E995B23D-C752-21CB-575B-0B812FC3727A}.Debug|Any CPU.ActiveCfg = Debug|Any CPU
		{E995B23D-C752-21CB-575B-0B812FC3727A}.Debug|Any CPU.Build.0 = Debug|Any CPU
		{E995B23D-C752-21CB-575B-0B812FC3727A}.Debug|x64.ActiveCfg = Debug|x64
		{E995B23D-C752-21CB-575B-0B812FC3727A}.Debug|x64.Build.0 = Debug|x64
		{E995B23D-C752-21CB-575B-0B812FC3727A}.mzkit_win32|Any CPU.ActiveCfg = Release|Any CPU
		{E995B23D-C752-21CB-575B-0B812FC3727A}.mzkit_win32|Any CPU.Build.0 = Release|Any CPU
		{E995B23D-C752-21CB-575B-0B812FC3727A}.mzkit_win32|x64.ActiveCfg = Release|x64
		{E995B23D-C752-21CB-575B-0B812FC3727A}.mzkit_win32|x64.Build.0 = Release|x64
		{E995B23D-C752-21CB-575B-0B812FC3727A}.Release|Any CPU.ActiveCfg = Release|Any CPU
		{E995B23D-C752-21CB-575B-0B812FC3727A}.Release|Any CPU.Build.0 = Release|Any CPU
		{E995B23D-C752-21CB-575B-0B812FC3727A}.Release|x64.ActiveCfg = Release|x64
		{E995B23D-C752-21CB-575B-0B812FC3727A}.Release|x64.Build.0 = Release|x64
		{900306BB-63BA-4F02-A09A-B8D5929255E0}.Debug|Any CPU.ActiveCfg = Debug|x64
		{900306BB-63BA-4F02-A09A-B8D5929255E0}.Debug|Any CPU.Build.0 = Debug|x64
		{900306BB-63BA-4F02-A09A-B8D5929255E0}.Debug|x64.ActiveCfg = Debug|x64
		{900306BB-63BA-4F02-A09A-B8D5929255E0}.Debug|x64.Build.0 = Debug|x64
		{900306BB-63BA-4F02-A09A-B8D5929255E0}.mzkit_win32|Any CPU.ActiveCfg = Release|x64
		{900306BB-63BA-4F02-A09A-B8D5929255E0}.mzkit_win32|Any CPU.Build.0 = Release|x64
		{900306BB-63BA-4F02-A09A-B8D5929255E0}.mzkit_win32|x64.ActiveCfg = Release|x64
		{900306BB-63BA-4F02-A09A-B8D5929255E0}.mzkit_win32|x64.Build.0 = Release|x64
		{900306BB-63BA-4F02-A09A-B8D5929255E0}.Release|Any CPU.ActiveCfg = Release|x64
		{900306BB-63BA-4F02-A09A-B8D5929255E0}.Release|Any CPU.Build.0 = Release|x64
		{900306BB-63BA-4F02-A09A-B8D5929255E0}.Release|x64.ActiveCfg = Release|x64
		{900306BB-63BA-4F02-A09A-B8D5929255E0}.Release|x64.Build.0 = Release|x64
		{66E8C726-0036-41FB-23E2-9E3FADD00407}.Debug|Any CPU.ActiveCfg = Debug|Any CPU
		{66E8C726-0036-41FB-23E2-9E3FADD00407}.Debug|Any CPU.Build.0 = Debug|Any CPU
		{66E8C726-0036-41FB-23E2-9E3FADD00407}.Debug|x64.ActiveCfg = Debug|x64
		{66E8C726-0036-41FB-23E2-9E3FADD00407}.Debug|x64.Build.0 = Debug|x64
		{66E8C726-0036-41FB-23E2-9E3FADD00407}.mzkit_win32|Any CPU.ActiveCfg = Rsharp_app_release|Any CPU
		{66E8C726-0036-41FB-23E2-9E3FADD00407}.mzkit_win32|Any CPU.Build.0 = Rsharp_app_release|Any CPU
		{66E8C726-0036-41FB-23E2-9E3FADD00407}.mzkit_win32|x64.ActiveCfg = Rsharp_app_release|x64
		{66E8C726-0036-41FB-23E2-9E3FADD00407}.mzkit_win32|x64.Build.0 = Rsharp_app_release|x64
		{66E8C726-0036-41FB-23E2-9E3FADD00407}.Release|Any CPU.ActiveCfg = Release|Any CPU
		{66E8C726-0036-41FB-23E2-9E3FADD00407}.Release|Any CPU.Build.0 = Release|Any CPU
		{66E8C726-0036-41FB-23E2-9E3FADD00407}.Release|x64.ActiveCfg = Release|x64
		{66E8C726-0036-41FB-23E2-9E3FADD00407}.Release|x64.Build.0 = Release|x64
		{046160C8-605C-D212-0A20-624A0290352E}.Debug|Any CPU.ActiveCfg = Debug|Any CPU
		{046160C8-605C-D212-0A20-624A0290352E}.Debug|Any CPU.Build.0 = Debug|Any CPU
		{046160C8-605C-D212-0A20-624A0290352E}.Debug|x64.ActiveCfg = Debug|x64
		{046160C8-605C-D212-0A20-624A0290352E}.Debug|x64.Build.0 = Debug|x64
		{046160C8-605C-D212-0A20-624A0290352E}.mzkit_win32|Any CPU.ActiveCfg = mzkit_win32|Any CPU
		{046160C8-605C-D212-0A20-624A0290352E}.mzkit_win32|Any CPU.Build.0 = mzkit_win32|Any CPU
		{046160C8-605C-D212-0A20-624A0290352E}.mzkit_win32|x64.ActiveCfg = mzkit_win32|x64
		{046160C8-605C-D212-0A20-624A0290352E}.mzkit_win32|x64.Build.0 = mzkit_win32|x64
		{046160C8-605C-D212-0A20-624A0290352E}.Release|Any CPU.ActiveCfg = Release|Any CPU
		{046160C8-605C-D212-0A20-624A0290352E}.Release|Any CPU.Build.0 = Release|Any CPU
		{046160C8-605C-D212-0A20-624A0290352E}.Release|x64.ActiveCfg = Release|x64
		{046160C8-605C-D212-0A20-624A0290352E}.Release|x64.Build.0 = Release|x64
		{9C9F4004-9F8A-DB97-4B9B-267C241A815F}.Debug|Any CPU.ActiveCfg = Debug|Any CPU
		{9C9F4004-9F8A-DB97-4B9B-267C241A815F}.Debug|Any CPU.Build.0 = Debug|Any CPU
		{9C9F4004-9F8A-DB97-4B9B-267C241A815F}.Debug|x64.ActiveCfg = Debug|x64
		{9C9F4004-9F8A-DB97-4B9B-267C241A815F}.Debug|x64.Build.0 = Debug|x64
		{9C9F4004-9F8A-DB97-4B9B-267C241A815F}.mzkit_win32|Any CPU.ActiveCfg = mzkit_win32|Any CPU
		{9C9F4004-9F8A-DB97-4B9B-267C241A815F}.mzkit_win32|Any CPU.Build.0 = mzkit_win32|Any CPU
		{9C9F4004-9F8A-DB97-4B9B-267C241A815F}.mzkit_win32|x64.ActiveCfg = mzkit_win32|x64
		{9C9F4004-9F8A-DB97-4B9B-267C241A815F}.mzkit_win32|x64.Build.0 = mzkit_win32|x64
		{9C9F4004-9F8A-DB97-4B9B-267C241A815F}.Release|Any CPU.ActiveCfg = Release|Any CPU
		{9C9F4004-9F8A-DB97-4B9B-267C241A815F}.Release|Any CPU.Build.0 = Release|Any CPU
		{9C9F4004-9F8A-DB97-4B9B-267C241A815F}.Release|x64.ActiveCfg = Release|x64
		{9C9F4004-9F8A-DB97-4B9B-267C241A815F}.Release|x64.Build.0 = Release|x64
		{661BE8AB-58A4-076F-2152-105FAE51EB90}.Debug|Any CPU.ActiveCfg = Debug|Any CPU
		{661BE8AB-58A4-076F-2152-105FAE51EB90}.Debug|Any CPU.Build.0 = Debug|Any CPU
		{661BE8AB-58A4-076F-2152-105FAE51EB90}.Debug|x64.ActiveCfg = Debug|x64
		{661BE8AB-58A4-076F-2152-105FAE51EB90}.Debug|x64.Build.0 = Debug|x64
		{661BE8AB-58A4-076F-2152-105FAE51EB90}.mzkit_win32|Any CPU.ActiveCfg = Release|Any CPU
		{661BE8AB-58A4-076F-2152-105FAE51EB90}.mzkit_win32|Any CPU.Build.0 = Release|Any CPU
		{661BE8AB-58A4-076F-2152-105FAE51EB90}.mzkit_win32|x64.ActiveCfg = Release|x64
		{661BE8AB-58A4-076F-2152-105FAE51EB90}.mzkit_win32|x64.Build.0 = Release|x64
		{661BE8AB-58A4-076F-2152-105FAE51EB90}.Release|Any CPU.ActiveCfg = Release|Any CPU
		{661BE8AB-58A4-076F-2152-105FAE51EB90}.Release|Any CPU.Build.0 = Release|Any CPU
		{661BE8AB-58A4-076F-2152-105FAE51EB90}.Release|x64.ActiveCfg = Release|x64
		{661BE8AB-58A4-076F-2152-105FAE51EB90}.Release|x64.Build.0 = Release|x64
		{A78E4FD2-EDE8-5EE4-77BD-A5084109EC70}.Debug|Any CPU.ActiveCfg = Debug|Any CPU
		{A78E4FD2-EDE8-5EE4-77BD-A5084109EC70}.Debug|Any CPU.Build.0 = Debug|Any CPU
		{A78E4FD2-EDE8-5EE4-77BD-A5084109EC70}.Debug|x64.ActiveCfg = Debug|x64
		{A78E4FD2-EDE8-5EE4-77BD-A5084109EC70}.Debug|x64.Build.0 = Debug|x64
		{A78E4FD2-EDE8-5EE4-77BD-A5084109EC70}.mzkit_win32|Any CPU.ActiveCfg = Rsharp_app_release|Any CPU
		{A78E4FD2-EDE8-5EE4-77BD-A5084109EC70}.mzkit_win32|Any CPU.Build.0 = Rsharp_app_release|Any CPU
		{A78E4FD2-EDE8-5EE4-77BD-A5084109EC70}.mzkit_win32|x64.ActiveCfg = Rsharp_app_release|x64
		{A78E4FD2-EDE8-5EE4-77BD-A5084109EC70}.mzkit_win32|x64.Build.0 = Rsharp_app_release|x64
		{A78E4FD2-EDE8-5EE4-77BD-A5084109EC70}.Release|Any CPU.ActiveCfg = Release|Any CPU
		{A78E4FD2-EDE8-5EE4-77BD-A5084109EC70}.Release|Any CPU.Build.0 = Release|Any CPU
		{A78E4FD2-EDE8-5EE4-77BD-A5084109EC70}.Release|x64.ActiveCfg = Release|x64
		{A78E4FD2-EDE8-5EE4-77BD-A5084109EC70}.Release|x64.Build.0 = Release|x64
		{1D2CD6A8-035B-0D84-7CF1-CE197FDD3C9B}.Debug|Any CPU.ActiveCfg = Debug|Any CPU
		{1D2CD6A8-035B-0D84-7CF1-CE197FDD3C9B}.Debug|Any CPU.Build.0 = Debug|Any CPU
		{1D2CD6A8-035B-0D84-7CF1-CE197FDD3C9B}.Debug|x64.ActiveCfg = Debug|x64
		{1D2CD6A8-035B-0D84-7CF1-CE197FDD3C9B}.Debug|x64.Build.0 = Debug|x64
		{1D2CD6A8-035B-0D84-7CF1-CE197FDD3C9B}.mzkit_win32|Any CPU.ActiveCfg = Rsharp_app_release|Any CPU
		{1D2CD6A8-035B-0D84-7CF1-CE197FDD3C9B}.mzkit_win32|Any CPU.Build.0 = Rsharp_app_release|Any CPU
		{1D2CD6A8-035B-0D84-7CF1-CE197FDD3C9B}.mzkit_win32|x64.ActiveCfg = Rsharp_app_release|x64
		{1D2CD6A8-035B-0D84-7CF1-CE197FDD3C9B}.mzkit_win32|x64.Build.0 = Rsharp_app_release|x64
		{1D2CD6A8-035B-0D84-7CF1-CE197FDD3C9B}.Release|Any CPU.ActiveCfg = Release|Any CPU
		{1D2CD6A8-035B-0D84-7CF1-CE197FDD3C9B}.Release|Any CPU.Build.0 = Release|Any CPU
		{1D2CD6A8-035B-0D84-7CF1-CE197FDD3C9B}.Release|x64.ActiveCfg = Release|x64
		{1D2CD6A8-035B-0D84-7CF1-CE197FDD3C9B}.Release|x64.Build.0 = Release|x64
		{ABA9C438-6701-A2F3-7236-F5405905C9BF}.Debug|Any CPU.ActiveCfg = Debug|Any CPU
		{ABA9C438-6701-A2F3-7236-F5405905C9BF}.Debug|Any CPU.Build.0 = Debug|Any CPU
		{ABA9C438-6701-A2F3-7236-F5405905C9BF}.Debug|x64.ActiveCfg = Debug|x64
		{ABA9C438-6701-A2F3-7236-F5405905C9BF}.Debug|x64.Build.0 = Debug|x64
		{ABA9C438-6701-A2F3-7236-F5405905C9BF}.mzkit_win32|Any CPU.ActiveCfg = mzkit_win32|Any CPU
		{ABA9C438-6701-A2F3-7236-F5405905C9BF}.mzkit_win32|Any CPU.Build.0 = mzkit_win32|Any CPU
		{ABA9C438-6701-A2F3-7236-F5405905C9BF}.mzkit_win32|x64.ActiveCfg = mzkit_win32|x64
		{ABA9C438-6701-A2F3-7236-F5405905C9BF}.mzkit_win32|x64.Build.0 = mzkit_win32|x64
		{ABA9C438-6701-A2F3-7236-F5405905C9BF}.Release|Any CPU.ActiveCfg = Release|Any CPU
		{ABA9C438-6701-A2F3-7236-F5405905C9BF}.Release|Any CPU.Build.0 = Release|Any CPU
		{ABA9C438-6701-A2F3-7236-F5405905C9BF}.Release|x64.ActiveCfg = Release|x64
		{ABA9C438-6701-A2F3-7236-F5405905C9BF}.Release|x64.Build.0 = Release|x64
		{E5C85710-384C-B034-409A-F8584F78C51A}.Debug|Any CPU.ActiveCfg = Debug|Any CPU
		{E5C85710-384C-B034-409A-F8584F78C51A}.Debug|Any CPU.Build.0 = Debug|Any CPU
		{E5C85710-384C-B034-409A-F8584F78C51A}.Debug|x64.ActiveCfg = Debug|x64
		{E5C85710-384C-B034-409A-F8584F78C51A}.Debug|x64.Build.0 = Debug|x64
		{E5C85710-384C-B034-409A-F8584F78C51A}.mzkit_win32|Any CPU.ActiveCfg = Rsharp_app_release|Any CPU
		{E5C85710-384C-B034-409A-F8584F78C51A}.mzkit_win32|Any CPU.Build.0 = Rsharp_app_release|Any CPU
		{E5C85710-384C-B034-409A-F8584F78C51A}.mzkit_win32|x64.ActiveCfg = Rsharp_app_release|x64
		{E5C85710-384C-B034-409A-F8584F78C51A}.mzkit_win32|x64.Build.0 = Rsharp_app_release|x64
		{E5C85710-384C-B034-409A-F8584F78C51A}.Release|Any CPU.ActiveCfg = Release|Any CPU
		{E5C85710-384C-B034-409A-F8584F78C51A}.Release|Any CPU.Build.0 = Release|Any CPU
		{E5C85710-384C-B034-409A-F8584F78C51A}.Release|x64.ActiveCfg = Release|x64
		{E5C85710-384C-B034-409A-F8584F78C51A}.Release|x64.Build.0 = Release|x64
		{C5F8F1F1-A01D-E0C6-A0EC-AB2C67800312}.Debug|Any CPU.ActiveCfg = Debug|Any CPU
		{C5F8F1F1-A01D-E0C6-A0EC-AB2C67800312}.Debug|Any CPU.Build.0 = Debug|Any CPU
		{C5F8F1F1-A01D-E0C6-A0EC-AB2C67800312}.Debug|x64.ActiveCfg = Debug|x64
		{C5F8F1F1-A01D-E0C6-A0EC-AB2C67800312}.Debug|x64.Build.0 = Debug|x64
		{C5F8F1F1-A01D-E0C6-A0EC-AB2C67800312}.mzkit_win32|Any CPU.ActiveCfg = Release|Any CPU
		{C5F8F1F1-A01D-E0C6-A0EC-AB2C67800312}.mzkit_win32|Any CPU.Build.0 = Release|Any CPU
		{C5F8F1F1-A01D-E0C6-A0EC-AB2C67800312}.mzkit_win32|x64.ActiveCfg = Release|x64
		{C5F8F1F1-A01D-E0C6-A0EC-AB2C67800312}.mzkit_win32|x64.Build.0 = Release|x64
		{C5F8F1F1-A01D-E0C6-A0EC-AB2C67800312}.Release|Any CPU.ActiveCfg = Release|Any CPU
		{C5F8F1F1-A01D-E0C6-A0EC-AB2C67800312}.Release|Any CPU.Build.0 = Release|Any CPU
		{C5F8F1F1-A01D-E0C6-A0EC-AB2C67800312}.Release|x64.ActiveCfg = Release|x64
		{C5F8F1F1-A01D-E0C6-A0EC-AB2C67800312}.Release|x64.Build.0 = Release|x64
		{1AE6C39C-DD2B-5D64-2E80-B95C3A0EF554}.Debug|Any CPU.ActiveCfg = Debug|Any CPU
		{1AE6C39C-DD2B-5D64-2E80-B95C3A0EF554}.Debug|Any CPU.Build.0 = Debug|Any CPU
		{1AE6C39C-DD2B-5D64-2E80-B95C3A0EF554}.Debug|x64.ActiveCfg = Debug|x64
		{1AE6C39C-DD2B-5D64-2E80-B95C3A0EF554}.Debug|x64.Build.0 = Debug|x64
		{1AE6C39C-DD2B-5D64-2E80-B95C3A0EF554}.mzkit_win32|Any CPU.ActiveCfg = Release|Any CPU
		{1AE6C39C-DD2B-5D64-2E80-B95C3A0EF554}.mzkit_win32|Any CPU.Build.0 = Release|Any CPU
		{1AE6C39C-DD2B-5D64-2E80-B95C3A0EF554}.mzkit_win32|x64.ActiveCfg = Release|x64
		{1AE6C39C-DD2B-5D64-2E80-B95C3A0EF554}.mzkit_win32|x64.Build.0 = Release|x64
		{1AE6C39C-DD2B-5D64-2E80-B95C3A0EF554}.Release|Any CPU.ActiveCfg = Release|Any CPU
		{1AE6C39C-DD2B-5D64-2E80-B95C3A0EF554}.Release|Any CPU.Build.0 = Release|Any CPU
		{1AE6C39C-DD2B-5D64-2E80-B95C3A0EF554}.Release|x64.ActiveCfg = Release|x64
		{1AE6C39C-DD2B-5D64-2E80-B95C3A0EF554}.Release|x64.Build.0 = Release|x64
		{2DC55B9F-2122-5938-595D-BDAE1BCEDA1B}.Debug|Any CPU.ActiveCfg = Debug|Any CPU
		{2DC55B9F-2122-5938-595D-BDAE1BCEDA1B}.Debug|Any CPU.Build.0 = Debug|Any CPU
		{2DC55B9F-2122-5938-595D-BDAE1BCEDA1B}.Debug|x64.ActiveCfg = Debug|x64
		{2DC55B9F-2122-5938-595D-BDAE1BCEDA1B}.Debug|x64.Build.0 = Debug|x64
		{2DC55B9F-2122-5938-595D-BDAE1BCEDA1B}.mzkit_win32|Any CPU.ActiveCfg = mzkit_win32|Any CPU
		{2DC55B9F-2122-5938-595D-BDAE1BCEDA1B}.mzkit_win32|Any CPU.Build.0 = mzkit_win32|Any CPU
		{2DC55B9F-2122-5938-595D-BDAE1BCEDA1B}.mzkit_win32|x64.ActiveCfg = mzkit_win32|x64
		{2DC55B9F-2122-5938-595D-BDAE1BCEDA1B}.mzkit_win32|x64.Build.0 = mzkit_win32|x64
		{2DC55B9F-2122-5938-595D-BDAE1BCEDA1B}.Release|Any CPU.ActiveCfg = Release|Any CPU
		{2DC55B9F-2122-5938-595D-BDAE1BCEDA1B}.Release|Any CPU.Build.0 = Release|Any CPU
		{2DC55B9F-2122-5938-595D-BDAE1BCEDA1B}.Release|x64.ActiveCfg = Release|x64
		{2DC55B9F-2122-5938-595D-BDAE1BCEDA1B}.Release|x64.Build.0 = Release|x64
		{DDAC6099-3440-973D-0B26-6E14064D4C4A}.Debug|Any CPU.ActiveCfg = Debug|Any CPU
		{DDAC6099-3440-973D-0B26-6E14064D4C4A}.Debug|Any CPU.Build.0 = Debug|Any CPU
		{DDAC6099-3440-973D-0B26-6E14064D4C4A}.Debug|x64.ActiveCfg = Debug|x64
		{DDAC6099-3440-973D-0B26-6E14064D4C4A}.Debug|x64.Build.0 = Debug|x64
		{DDAC6099-3440-973D-0B26-6E14064D4C4A}.mzkit_win32|Any CPU.ActiveCfg = Release|Any CPU
		{DDAC6099-3440-973D-0B26-6E14064D4C4A}.mzkit_win32|Any CPU.Build.0 = Release|Any CPU
		{DDAC6099-3440-973D-0B26-6E14064D4C4A}.mzkit_win32|x64.ActiveCfg = Release|x64
		{DDAC6099-3440-973D-0B26-6E14064D4C4A}.mzkit_win32|x64.Build.0 = Release|x64
		{DDAC6099-3440-973D-0B26-6E14064D4C4A}.Release|Any CPU.ActiveCfg = Release|Any CPU
		{DDAC6099-3440-973D-0B26-6E14064D4C4A}.Release|Any CPU.Build.0 = Release|Any CPU
		{DDAC6099-3440-973D-0B26-6E14064D4C4A}.Release|x64.ActiveCfg = Release|x64
		{DDAC6099-3440-973D-0B26-6E14064D4C4A}.Release|x64.Build.0 = Release|x64
		{2E03FA62-D5D9-50DE-1029-CF59608DF671}.Debug|Any CPU.ActiveCfg = Debug|Any CPU
		{2E03FA62-D5D9-50DE-1029-CF59608DF671}.Debug|Any CPU.Build.0 = Debug|Any CPU
		{2E03FA62-D5D9-50DE-1029-CF59608DF671}.Debug|x64.ActiveCfg = Debug|x64
		{2E03FA62-D5D9-50DE-1029-CF59608DF671}.Debug|x64.Build.0 = Debug|x64
		{2E03FA62-D5D9-50DE-1029-CF59608DF671}.mzkit_win32|Any CPU.ActiveCfg = Rsharp_app_release|Any CPU
		{2E03FA62-D5D9-50DE-1029-CF59608DF671}.mzkit_win32|Any CPU.Build.0 = Rsharp_app_release|Any CPU
		{2E03FA62-D5D9-50DE-1029-CF59608DF671}.mzkit_win32|x64.ActiveCfg = Rsharp_app_release|x64
		{2E03FA62-D5D9-50DE-1029-CF59608DF671}.mzkit_win32|x64.Build.0 = Rsharp_app_release|x64
		{2E03FA62-D5D9-50DE-1029-CF59608DF671}.Release|Any CPU.ActiveCfg = Release|Any CPU
		{2E03FA62-D5D9-50DE-1029-CF59608DF671}.Release|Any CPU.Build.0 = Release|Any CPU
		{2E03FA62-D5D9-50DE-1029-CF59608DF671}.Release|x64.ActiveCfg = Release|x64
		{2E03FA62-D5D9-50DE-1029-CF59608DF671}.Release|x64.Build.0 = Release|x64
	EndGlobalSection
	GlobalSection(SolutionProperties) = preSolution
		HideSolutionNode = FALSE
	EndGlobalSection
	GlobalSection(NestedProjects) = preSolution
		{396CCD83-4B4E-84CB-6056-022317FD64BE} = {02EA681E-C7D8-13C7-8484-4AC65E1B71E8}
		{BE4A2EA0-C600-FCE9-D542-79B9A0D68583} = {B5B28EB1-DFC7-4FC0-BB37-01B6BC36F349}
		{87D65ADD-FE86-4239-AF7E-A37410354A0C} = {8C618855-BA38-47F5-A5FD-129C0D7F7F04}
		{3D61F3A9-A8E0-4195-9133-6FD8E4B82D54} = {8C618855-BA38-47F5-A5FD-129C0D7F7F04}
		{EC84CBB4-8E2D-48EA-9E6C-3D7CF0BBB452} = {8C618855-BA38-47F5-A5FD-129C0D7F7F04}
		{D98C3F2E-4A2C-F032-CECB-51BCFCC6A97C} = {02EA681E-C7D8-13C7-8484-4AC65E1B71E8}
		{A984CD4B-B40D-4389-961F-C9136D13C50F} = {8C618855-BA38-47F5-A5FD-129C0D7F7F04}
		{F5171153-AEE8-69B3-0273-1D621019EC9B} = {B5B28EB1-DFC7-4FC0-BB37-01B6BC36F349}
		{24B4FA10-E11E-681B-FD20-1997AB445229} = {B5B28EB1-DFC7-4FC0-BB37-01B6BC36F349}
		{E995B23D-C752-21CB-575B-0B812FC3727A} = {885C0CA4-4AFA-4422-ADDF-6540B110D36B}
		{900306BB-63BA-4F02-A09A-B8D5929255E0} = {885C0CA4-4AFA-4422-ADDF-6540B110D36B}
		{66E8C726-0036-41FB-23E2-9E3FADD00407} = {1708D61E-3B48-4E16-83B8-D3128307AEDD}
		{046160C8-605C-D212-0A20-624A0290352E} = {B5B28EB1-DFC7-4FC0-BB37-01B6BC36F349}
		{9C9F4004-9F8A-DB97-4B9B-267C241A815F} = {6E8B43C6-85A4-43B8-8F43-7A786170743F}
		{A78E4FD2-EDE8-5EE4-77BD-A5084109EC70} = {C4C021B6-4183-43DF-AED0-51C9864EEDAE}
		{B5B28EB1-DFC7-4FC0-BB37-01B6BC36F349} = {02EA681E-C7D8-13C7-8484-4AC65E1B71E8}
		{6E8B43C6-85A4-43B8-8F43-7A786170743F} = {02EA681E-C7D8-13C7-8484-4AC65E1B71E8}
		{1708D61E-3B48-4E16-83B8-D3128307AEDD} = {02EA681E-C7D8-13C7-8484-4AC65E1B71E8}
		{1D2CD6A8-035B-0D84-7CF1-CE197FDD3C9B} = {C4C021B6-4183-43DF-AED0-51C9864EEDAE}
		{ABA9C438-6701-A2F3-7236-F5405905C9BF} = {6E8B43C6-85A4-43B8-8F43-7A786170743F}
		{E5C85710-384C-B034-409A-F8584F78C51A} = {6E8B43C6-85A4-43B8-8F43-7A786170743F}
		{C5F8F1F1-A01D-E0C6-A0EC-AB2C67800312} = {C4C021B6-4183-43DF-AED0-51C9864EEDAE}
		{1AE6C39C-DD2B-5D64-2E80-B95C3A0EF554} = {C4C021B6-4183-43DF-AED0-51C9864EEDAE}
		{2DC55B9F-2122-5938-595D-BDAE1BCEDA1B} = {1708D61E-3B48-4E16-83B8-D3128307AEDD}
		{DDAC6099-3440-973D-0B26-6E14064D4C4A} = {02EA681E-C7D8-13C7-8484-4AC65E1B71E8}
		{2E03FA62-D5D9-50DE-1029-CF59608DF671} = {1708D61E-3B48-4E16-83B8-D3128307AEDD}
	EndGlobalSection
	GlobalSection(ExtensibilityGlobals) = postSolution
		SolutionGuid = {3958ABFB-93F0-45E4-8957-FED9918DC189}
	EndGlobalSection
	GlobalSection(SharedMSBuildProjectFiles) = preSolution
		..\..\GCModeller\src\R-sharp\Library\shares\dataframeHelper\dataframeHelper.projitems*{a78e4fd2-ede8-5ee4-77bd-a5084109ec70}*SharedItemsImports = 5
		..\..\GCModeller\src\R-sharp\Library\shares\R_graphic.interop\R_graphic.interop.projitems*{a78e4fd2-ede8-5ee4-77bd-a5084109ec70}*SharedItemsImports = 5
		..\..\GCModeller\src\R-sharp\Library\shares\R_plot.interop\R_plot.interop.projitems*{a78e4fd2-ede8-5ee4-77bd-a5084109ec70}*SharedItemsImports = 5
	EndGlobalSection
EndGlobal
