
Microsoft Visual Studio Solution File, Format Version 12.00
# Visual Studio Version 17
VisualStudioVersion = 17.14.36518.9
MinimumVisualStudioVersion = 10.0.40219.1
Project("{2150E333-8FDC-42A3-9474-1A3956D46DE8}") = "framework", "framework", "{02EA681E-C7D8-13C7-8484-4AC65E1B71E8}"
EndProject
Project("{F184B08F-C81C-45F6-A57F-5ABD9991F28F}") = "Core", "..\..\GCModeller\src\runtime\sciBASIC#\Microsoft.VisualBasic.Core\src\Core.vbproj", "{396CCD83-4B4E-84CB-6056-022317FD64BE}"
EndProject
Project("{F184B08F-C81C-45F6-A57F-5ABD9991F28F}") = "JSON-netcore5", "..\..\GCModeller\src\runtime\sciBASIC#\mime\application%json\JSON-netcore5.vbproj", "{BE4A2EA0-C600-FCE9-D542-79B9A0D68583}"
EndProject
Project("{F184B08F-C81C-45F6-A57F-5ABD9991F28F}") = "GalaxyData", "GalaxyData\GalaxyData.vbproj", "{87D65ADD-FE86-4239-AF7E-A37410354A0C}"
EndProject
Project("{F184B08F-C81C-45F6-A57F-5ABD9991F28F}") = "Microsoft.Windows.FeatureAPI", "Microsoft.Windows.FeatureAPI\Microsoft.Windows.FeatureAPI.vbproj", "{3D61F3A9-A8E0-4195-9133-6FD8E4B82D54}"
EndProject
Project("{F184B08F-C81C-45F6-A57F-5ABD9991F28F}") = "GalaxyWorkbench", "GalaxyWorkbench\GalaxyWorkbench.vbproj", "{EC84CBB4-8E2D-48EA-9E6C-3D7CF0BBB452}"
EndProject
Project("{F184B08F-C81C-45F6-A57F-5ABD9991F28F}") = "ResourcesEditor", "ResourcesEditor\ResourcesEditor.vbproj", "{EEB52342-5955-4829-BFA7-8B4751E9D92D}"
EndProject
Project("{F184B08F-C81C-45F6-A57F-5ABD9991F28F}") = "VisualStudio.NET5", "..\..\GCModeller\src\runtime\sciBASIC#\vs_solutions\dev\VisualStudio\VisualStudio.NET5.vbproj", "{D98C3F2E-4A2C-F032-CECB-51BCFCC6A97C}"
EndProject
Project("{F184B08F-C81C-45F6-A57F-5ABD9991F28F}") = "GalaxyForm", "GalaxyForm\GalaxyForm.vbproj", "{A984CD4B-B40D-4389-961F-C9136D13C50F}"
EndProject
Project("{F184B08F-C81C-45F6-A57F-5ABD9991F28F}") = "dataframework-netcore5", "..\..\GCModeller\src\runtime\sciBASIC#\Data\DataFrame\dataframework-netcore5.vbproj", "{F5171153-AEE8-69B3-0273-1D621019EC9B}"
EndProject
Project("{F184B08F-C81C-45F6-A57F-5ABD9991F28F}") = "xlsx-netcore5", "..\..\GCModeller\src\runtime\sciBASIC#\mime\application%vnd.openxmlformats-officedocument.spreadsheetml.sheet\Excel\xlsx-netcore5.vbproj", "{24B4FA10-E11E-681B-FD20-1997AB445229}"
EndProject
Project("{2150E333-8FDC-42A3-9474-1A3956D46DE8}") = "libs", "libs", "{8C618855-BA38-47F5-A5FD-129C0D7F7F04}"
EndProject
Project("{2150E333-8FDC-42A3-9474-1A3956D46DE8}") = "dockpanelsuite", "dockpanelsuite", "{885C0CA4-4AFA-4422-ADDF-6540B110D36B}"
EndProject
Project("{F184B08F-C81C-45F6-A57F-5ABD9991F28F}") = "VSDockPanel", "dockpanelsuite\VSDockPanel\VSDockPanel.vbproj", "{E995B23D-C752-21CB-575B-0B812FC3727A}"
EndProject
Project("{F184B08F-C81C-45F6-A57F-5ABD9991F28F}") = "ThemeVS2015", "dockpanelsuite\Themes\ThemeVS2015.vbproj", "{900306BB-63BA-4F02-A09A-B8D5929255E0}"
EndProject
Project("{F184B08F-C81C-45F6-A57F-5ABD9991F28F}") = "ExcelPad", "ExcelPad\ExcelPad.vbproj", "{9DB933F4-CDBB-45AE-BEF9-69BA6E96A555}"
EndProject
Project("{F184B08F-C81C-45F6-A57F-5ABD9991F28F}") = "Drawing-net4.8", "..\..\GCModeller\src\runtime\sciBASIC#\gr\Drawing-net4.8\Drawing-net4.8.vbproj", "{66E8C726-0036-41FB-23E2-9E3FADD00407}"
EndProject
Project("{F184B08F-C81C-45F6-A57F-5ABD9991F28F}") = "html_netcore5", "..\..\GCModeller\src\runtime\sciBASIC#\mime\text%html\html_netcore5.vbproj", "{046160C8-605C-D212-0A20-624A0290352E}"
EndProject
Project("{F184B08F-C81C-45F6-A57F-5ABD9991F28F}") = "Math.NET5", "..\..\GCModeller\src\runtime\sciBASIC#\Data_science\Mathematica\Math\Math\Math.NET5.vbproj", "{9C9F4004-9F8A-DB97-4B9B-267C241A815F}"
EndProject
Global
	GlobalSection(SolutionConfigurationPlatforms) = preSolution
		Debug|Any CPU = Debug|Any CPU
		Debug|x64 = Debug|x64
		mzkit_win32|Any CPU = mzkit_win32|Any CPU
		mzkit_win32|x64 = mzkit_win32|x64
		Release|Any CPU = Release|Any CPU
		Release|x64 = Release|x64
	EndGlobalSection
	GlobalSection(ProjectConfigurationPlatforms) = postSolution
		{396CCD83-4B4E-84CB-6056-022317FD64BE}.Debug|Any CPU.ActiveCfg = Debug|Any CPU
		{396CCD83-4B4E-84CB-6056-022317FD64BE}.Debug|Any CPU.Build.0 = Debug|Any CPU
		{396CCD83-4B4E-84CB-6056-022317FD64BE}.Debug|x64.ActiveCfg = Debug|x64
		{396CCD83-4B4E-84CB-6056-022317FD64BE}.Debug|x64.Build.0 = Debug|x64
		{396CCD83-4B4E-84CB-6056-022317FD64BE}.mzkit_win32|Any CPU.ActiveCfg = mzkit_win32|Any CPU
		{396CCD83-4B4E-84CB-6056-022317FD64BE}.mzkit_win32|Any CPU.Build.0 = mzkit_win32|Any CPU
		{396CCD83-4B4E-84CB-6056-022317FD64BE}.mzkit_win32|x64.ActiveCfg = mzkit_win32|x64
		{396CCD83-4B4E-84CB-6056-022317FD64BE}.mzkit_win32|x64.Build.0 = mzkit_win32|x64
		{396CCD83-4B4E-84CB-6056-022317FD64BE}.Release|Any CPU.ActiveCfg = Release|Any CPU
		{396CCD83-4B4E-84CB-6056-022317FD64BE}.Release|Any CPU.Build.0 = Release|Any CPU
		{396CCD83-4B4E-84CB-6056-022317FD64BE}.Release|x64.ActiveCfg = Release|x64
		{396CCD83-4B4E-84CB-6056-022317FD64BE}.Release|x64.Build.0 = Release|x64
		{BE4A2EA0-C600-FCE9-D542-79B9A0D68583}.Debug|Any CPU.ActiveCfg = Debug|Any CPU
		{BE4A2EA0-C600-FCE9-D542-79B9A0D68583}.Debug|Any CPU.Build.0 = Debug|Any CPU
		{BE4A2EA0-C600-FCE9-D542-79B9A0D68583}.Debug|x64.ActiveCfg = Debug|x64
		{BE4A2EA0-C600-FCE9-D542-79B9A0D68583}.Debug|x64.Build.0 = Debug|x64
		{BE4A2EA0-C600-FCE9-D542-79B9A0D68583}.mzkit_win32|Any CPU.ActiveCfg = mzkit_win32|Any CPU
		{BE4A2EA0-C600-FCE9-D542-79B9A0D68583}.mzkit_win32|Any CPU.Build.0 = mzkit_win32|Any CPU
		{BE4A2EA0-C600-FCE9-D542-79B9A0D68583}.mzkit_win32|x64.ActiveCfg = mzkit_win32|x64
		{BE4A2EA0-C600-FCE9-D542-79B9A0D68583}.mzkit_win32|x64.Build.0 = mzkit_win32|x64
		{BE4A2EA0-C600-FCE9-D542-79B9A0D68583}.Release|Any CPU.ActiveCfg = Release|Any CPU
		{BE4A2EA0-C600-FCE9-D542-79B9A0D68583}.Release|Any CPU.Build.0 = Release|Any CPU
		{BE4A2EA0-C600-FCE9-D542-79B9A0D68583}.Release|x64.ActiveCfg = Release|x64
		{BE4A2EA0-C600-FCE9-D542-79B9A0D68583}.Release|x64.Build.0 = Release|x64
		{87D65ADD-FE86-4239-AF7E-A37410354A0C}.Debug|Any CPU.ActiveCfg = Debug|Any CPU
		{87D65ADD-FE86-4239-AF7E-A37410354A0C}.Debug|Any CPU.Build.0 = Debug|Any CPU
		{87D65ADD-FE86-4239-AF7E-A37410354A0C}.Debug|x64.ActiveCfg = Debug|x64
		{87D65ADD-FE86-4239-AF7E-A37410354A0C}.Debug|x64.Build.0 = Debug|x64
		{87D65ADD-FE86-4239-AF7E-A37410354A0C}.mzkit_win32|Any CPU.ActiveCfg = Release|Any CPU
		{87D65ADD-FE86-4239-AF7E-A37410354A0C}.mzkit_win32|Any CPU.Build.0 = Release|Any CPU
		{87D65ADD-FE86-4239-AF7E-A37410354A0C}.mzkit_win32|x64.ActiveCfg = Release|Any CPU
		{87D65ADD-FE86-4239-AF7E-A37410354A0C}.mzkit_win32|x64.Build.0 = Release|Any CPU
		{87D65ADD-FE86-4239-AF7E-A37410354A0C}.Release|Any CPU.ActiveCfg = Release|Any CPU
		{87D65ADD-FE86-4239-AF7E-A37410354A0C}.Release|Any CPU.Build.0 = Release|Any CPU
		{87D65ADD-FE86-4239-AF7E-A37410354A0C}.Release|x64.ActiveCfg = Release|Any CPU
		{87D65ADD-FE86-4239-AF7E-A37410354A0C}.Release|x64.Build.0 = Release|Any CPU
		{3D61F3A9-A8E0-4195-9133-6FD8E4B82D54}.Debug|Any CPU.ActiveCfg = Debug|Any CPU
		{3D61F3A9-A8E0-4195-9133-6FD8E4B82D54}.Debug|Any CPU.Build.0 = Debug|Any CPU
		{3D61F3A9-A8E0-4195-9133-6FD8E4B82D54}.Debug|x64.ActiveCfg = Debug|Any CPU
		{3D61F3A9-A8E0-4195-9133-6FD8E4B82D54}.Debug|x64.Build.0 = Debug|Any CPU
		{3D61F3A9-A8E0-4195-9133-6FD8E4B82D54}.mzkit_win32|Any CPU.ActiveCfg = Release|Any CPU
		{3D61F3A9-A8E0-4195-9133-6FD8E4B82D54}.mzkit_win32|Any CPU.Build.0 = Release|Any CPU
		{3D61F3A9-A8E0-4195-9133-6FD8E4B82D54}.mzkit_win32|x64.ActiveCfg = Release|Any CPU
		{3D61F3A9-A8E0-4195-9133-6FD8E4B82D54}.mzkit_win32|x64.Build.0 = Release|Any CPU
		{3D61F3A9-A8E0-4195-9133-6FD8E4B82D54}.Release|Any CPU.ActiveCfg = Release|Any CPU
		{3D61F3A9-A8E0-4195-9133-6FD8E4B82D54}.Release|Any CPU.Build.0 = Release|Any CPU
		{3D61F3A9-A8E0-4195-9133-6FD8E4B82D54}.Release|x64.ActiveCfg = Release|Any CPU
		{3D61F3A9-A8E0-4195-9133-6FD8E4B82D54}.Release|x64.Build.0 = Release|Any CPU
		{EC84CBB4-8E2D-48EA-9E6C-3D7CF0BBB452}.Debug|Any CPU.ActiveCfg = Debug|Any CPU
		{EC84CBB4-8E2D-48EA-9E6C-3D7CF0BBB452}.Debug|Any CPU.Build.0 = Debug|Any CPU
		{EC84CBB4-8E2D-48EA-9E6C-3D7CF0BBB452}.Debug|x64.ActiveCfg = Debug|x64
		{EC84CBB4-8E2D-48EA-9E6C-3D7CF0BBB452}.Debug|x64.Build.0 = Debug|x64
		{EC84CBB4-8E2D-48EA-9E6C-3D7CF0BBB452}.mzkit_win32|Any CPU.ActiveCfg = Release|Any CPU
		{EC84CBB4-8E2D-48EA-9E6C-3D7CF0BBB452}.mzkit_win32|Any CPU.Build.0 = Release|Any CPU
		{EC84CBB4-8E2D-48EA-9E6C-3D7CF0BBB452}.mzkit_win32|x64.ActiveCfg = Release|Any CPU
		{EC84CBB4-8E2D-48EA-9E6C-3D7CF0BBB452}.mzkit_win32|x64.Build.0 = Release|Any CPU
		{EC84CBB4-8E2D-48EA-9E6C-3D7CF0BBB452}.Release|Any CPU.ActiveCfg = Release|Any CPU
		{EC84CBB4-8E2D-48EA-9E6C-3D7CF0BBB452}.Release|Any CPU.Build.0 = Release|Any CPU
		{EC84CBB4-8E2D-48EA-9E6C-3D7CF0BBB452}.Release|x64.ActiveCfg = Release|Any CPU
		{EC84CBB4-8E2D-48EA-9E6C-3D7CF0BBB452}.Release|x64.Build.0 = Release|Any CPU
		{EEB52342-5955-4829-BFA7-8B4751E9D92D}.Debug|Any CPU.ActiveCfg = Debug|Any CPU
		{EEB52342-5955-4829-BFA7-8B4751E9D92D}.Debug|Any CPU.Build.0 = Debug|Any CPU
		{EEB52342-5955-4829-BFA7-8B4751E9D92D}.Debug|x64.ActiveCfg = Debug|x64
		{EEB52342-5955-4829-BFA7-8B4751E9D92D}.Debug|x64.Build.0 = Debug|x64
		{EEB52342-5955-4829-BFA7-8B4751E9D92D}.mzkit_win32|Any CPU.ActiveCfg = Release|Any CPU
		{EEB52342-5955-4829-BFA7-8B4751E9D92D}.mzkit_win32|Any CPU.Build.0 = Release|Any CPU
		{EEB52342-5955-4829-BFA7-8B4751E9D92D}.mzkit_win32|x64.ActiveCfg = Release|Any CPU
		{EEB52342-5955-4829-BFA7-8B4751E9D92D}.mzkit_win32|x64.Build.0 = Release|Any CPU
		{EEB52342-5955-4829-BFA7-8B4751E9D92D}.Release|Any CPU.ActiveCfg = Release|Any CPU
		{EEB52342-5955-4829-BFA7-8B4751E9D92D}.Release|Any CPU.Build.0 = Release|Any CPU
		{EEB52342-5955-4829-BFA7-8B4751E9D92D}.Release|x64.ActiveCfg = Release|Any CPU
		{EEB52342-5955-4829-BFA7-8B4751E9D92D}.Release|x64.Build.0 = Release|Any CPU
		{D98C3F2E-4A2C-F032-CECB-51BCFCC6A97C}.Debug|Any CPU.ActiveCfg = Debug|Any CPU
		{D98C3F2E-4A2C-F032-CECB-51BCFCC6A97C}.Debug|Any CPU.Build.0 = Debug|Any CPU
		{D98C3F2E-4A2C-F032-CECB-51BCFCC6A97C}.Debug|x64.ActiveCfg = Debug|x64
		{D98C3F2E-4A2C-F032-CECB-51BCFCC6A97C}.Debug|x64.Build.0 = Debug|x64
		{D98C3F2E-4A2C-F032-CECB-51BCFCC6A97C}.mzkit_win32|Any CPU.ActiveCfg = mzkit_win32|Any CPU
		{D98C3F2E-4A2C-F032-CECB-51BCFCC6A97C}.mzkit_win32|Any CPU.Build.0 = mzkit_win32|Any CPU
		{D98C3F2E-4A2C-F032-CECB-51BCFCC6A97C}.mzkit_win32|x64.ActiveCfg = mzkit_win32|x64
		{D98C3F2E-4A2C-F032-CECB-51BCFCC6A97C}.mzkit_win32|x64.Build.0 = mzkit_win32|x64
		{D98C3F2E-4A2C-F032-CECB-51BCFCC6A97C}.Release|Any CPU.ActiveCfg = Release|Any CPU
		{D98C3F2E-4A2C-F032-CECB-51BCFCC6A97C}.Release|Any CPU.Build.0 = Release|Any CPU
		{D98C3F2E-4A2C-F032-CECB-51BCFCC6A97C}.Release|x64.ActiveCfg = Release|x64
		{D98C3F2E-4A2C-F032-CECB-51BCFCC6A97C}.Release|x64.Build.0 = Release|x64
		{A984CD4B-B40D-4389-961F-C9136D13C50F}.Debug|Any CPU.ActiveCfg = Debug|Any CPU
		{A984CD4B-B40D-4389-961F-C9136D13C50F}.Debug|Any CPU.Build.0 = Debug|Any CPU
		{A984CD4B-B40D-4389-961F-C9136D13C50F}.Debug|x64.ActiveCfg = Debug|x64
		{A984CD4B-B40D-4389-961F-C9136D13C50F}.Debug|x64.Build.0 = Debug|x64
		{A984CD4B-B40D-4389-961F-C9136D13C50F}.mzkit_win32|Any CPU.ActiveCfg = Release|Any CPU
		{A984CD4B-B40D-4389-961F-C9136D13C50F}.mzkit_win32|Any CPU.Build.0 = Release|Any CPU
		{A984CD4B-B40D-4389-961F-C9136D13C50F}.mzkit_win32|x64.ActiveCfg = Release|Any CPU
		{A984CD4B-B40D-4389-961F-C9136D13C50F}.mzkit_win32|x64.Build.0 = Release|Any CPU
		{A984CD4B-B40D-4389-961F-C9136D13C50F}.Release|Any CPU.ActiveCfg = Release|Any CPU
		{A984CD4B-B40D-4389-961F-C9136D13C50F}.Release|Any CPU.Build.0 = Release|Any CPU
		{A984CD4B-B40D-4389-961F-C9136D13C50F}.Release|x64.ActiveCfg = Release|Any CPU
		{A984CD4B-B40D-4389-961F-C9136D13C50F}.Release|x64.Build.0 = Release|Any CPU
		{F5171153-AEE8-69B3-0273-1D621019EC9B}.Debug|Any CPU.ActiveCfg = Debug|Any CPU
		{F5171153-AEE8-69B3-0273-1D621019EC9B}.Debug|Any CPU.Build.0 = Debug|Any CPU
		{F5171153-AEE8-69B3-0273-1D621019EC9B}.Debug|x64.ActiveCfg = Debug|x64
		{F5171153-AEE8-69B3-0273-1D621019EC9B}.Debug|x64.Build.0 = Debug|x64
		{F5171153-AEE8-69B3-0273-1D621019EC9B}.mzkit_win32|Any CPU.ActiveCfg = mzkit_win32|Any CPU
		{F5171153-AEE8-69B3-0273-1D621019EC9B}.mzkit_win32|Any CPU.Build.0 = mzkit_win32|Any CPU
		{F5171153-AEE8-69B3-0273-1D621019EC9B}.mzkit_win32|x64.ActiveCfg = mzkit_win32|x64
		{F5171153-AEE8-69B3-0273-1D621019EC9B}.mzkit_win32|x64.Build.0 = mzkit_win32|x64
		{F5171153-AEE8-69B3-0273-1D621019EC9B}.Release|Any CPU.ActiveCfg = Release|Any CPU
		{F5171153-AEE8-69B3-0273-1D621019EC9B}.Release|Any CPU.Build.0 = Release|Any CPU
		{F5171153-AEE8-69B3-0273-1D621019EC9B}.Release|x64.ActiveCfg = Release|x64
		{F5171153-AEE8-69B3-0273-1D621019EC9B}.Release|x64.Build.0 = Release|x64
		{24B4FA10-E11E-681B-FD20-1997AB445229}.Debug|Any CPU.ActiveCfg = Debug|Any CPU
		{24B4FA10-E11E-681B-FD20-1997AB445229}.Debug|Any CPU.Build.0 = Debug|Any CPU
		{24B4FA10-E11E-681B-FD20-1997AB445229}.Debug|x64.ActiveCfg = Debug|x64
		{24B4FA10-E11E-681B-FD20-1997AB445229}.Debug|x64.Build.0 = Debug|x64
		{24B4FA10-E11E-681B-FD20-1997AB445229}.mzkit_win32|Any CPU.ActiveCfg = Rsharp_app_release|Any CPU
		{24B4FA10-E11E-681B-FD20-1997AB445229}.mzkit_win32|Any CPU.Build.0 = Rsharp_app_release|Any CPU
		{24B4FA10-E11E-681B-FD20-1997AB445229}.mzkit_win32|x64.ActiveCfg = Rsharp_app_release|x64
		{24B4FA10-E11E-681B-FD20-1997AB445229}.mzkit_win32|x64.Build.0 = Rsharp_app_release|x64
		{24B4FA10-E11E-681B-FD20-1997AB445229}.Release|Any CPU.ActiveCfg = Release|Any CPU
		{24B4FA10-E11E-681B-FD20-1997AB445229}.Release|Any CPU.Build.0 = Release|Any CPU
		{24B4FA10-E11E-681B-FD20-1997AB445229}.Release|x64.ActiveCfg = Release|x64
		{24B4FA10-E11E-681B-FD20-1997AB445229}.Release|x64.Build.0 = Release|x64
		{E995B23D-C752-21CB-575B-0B812FC3727A}.Debug|Any CPU.ActiveCfg = Debug|Any CPU
		{E995B23D-C752-21CB-575B-0B812FC3727A}.Debug|Any CPU.Build.0 = Debug|Any CPU
		{E995B23D-C752-21CB-575B-0B812FC3727A}.Debug|x64.ActiveCfg = Debug|x64
		{E995B23D-C752-21CB-575B-0B812FC3727A}.Debug|x64.Build.0 = Debug|x64
		{E995B23D-C752-21CB-575B-0B812FC3727A}.mzkit_win32|Any CPU.ActiveCfg = Release|Any CPU
		{E995B23D-C752-21CB-575B-0B812FC3727A}.mzkit_win32|Any CPU.Build.0 = Release|Any CPU
		{E995B23D-C752-21CB-575B-0B812FC3727A}.mzkit_win32|x64.ActiveCfg = Release|x64
		{E995B23D-C752-21CB-575B-0B812FC3727A}.mzkit_win32|x64.Build.0 = Release|x64
		{E995B23D-C752-21CB-575B-0B812FC3727A}.Release|Any CPU.ActiveCfg = Release|Any CPU
		{E995B23D-C752-21CB-575B-0B812FC3727A}.Release|Any CPU.Build.0 = Release|Any CPU
		{E995B23D-C752-21CB-575B-0B812FC3727A}.Release|x64.ActiveCfg = Release|x64
		{E995B23D-C752-21CB-575B-0B812FC3727A}.Release|x64.Build.0 = Release|x64
		{900306BB-63BA-4F02-A09A-B8D5929255E0}.Debug|Any CPU.ActiveCfg = Debug|x64
		{900306BB-63BA-4F02-A09A-B8D5929255E0}.Debug|Any CPU.Build.0 = Debug|x64
		{900306BB-63BA-4F02-A09A-B8D5929255E0}.Debug|x64.ActiveCfg = Debug|x64
		{900306BB-63BA-4F02-A09A-B8D5929255E0}.Debug|x64.Build.0 = Debug|x64
		{900306BB-63BA-4F02-A09A-B8D5929255E0}.mzkit_win32|Any CPU.ActiveCfg = Release|x64
		{900306BB-63BA-4F02-A09A-B8D5929255E0}.mzkit_win32|Any CPU.Build.0 = Release|x64
		{900306BB-63BA-4F02-A09A-B8D5929255E0}.mzkit_win32|x64.ActiveCfg = Release|x64
		{900306BB-63BA-4F02-A09A-B8D5929255E0}.mzkit_win32|x64.Build.0 = Release|x64
		{900306BB-63BA-4F02-A09A-B8D5929255E0}.Release|Any CPU.ActiveCfg = Release|x64
		{900306BB-63BA-4F02-A09A-B8D5929255E0}.Release|Any CPU.Build.0 = Release|x64
		{900306BB-63BA-4F02-A09A-B8D5929255E0}.Release|x64.ActiveCfg = Release|x64
		{900306BB-63BA-4F02-A09A-B8D5929255E0}.Release|x64.Build.0 = Release|x64
		{9DB933F4-CDBB-45AE-BEF9-69BA6E96A555}.Debug|Any CPU.ActiveCfg = Debug|Any CPU
		{9DB933F4-CDBB-45AE-BEF9-69BA6E96A555}.Debug|Any CPU.Build.0 = Debug|Any CPU
		{9DB933F4-CDBB-45AE-BEF9-69BA6E96A555}.Debug|x64.ActiveCfg = Debug|x64
		{9DB933F4-CDBB-45AE-BEF9-69BA6E96A555}.Debug|x64.Build.0 = Debug|x64
		{9DB933F4-CDBB-45AE-BEF9-69BA6E96A555}.mzkit_win32|Any CPU.ActiveCfg = Release|Any CPU
		{9DB933F4-CDBB-45AE-BEF9-69BA6E96A555}.mzkit_win32|Any CPU.Build.0 = Release|Any CPU
		{9DB933F4-CDBB-45AE-BEF9-69BA6E96A555}.mzkit_win32|x64.ActiveCfg = Release|Any CPU
		{9DB933F4-CDBB-45AE-BEF9-69BA6E96A555}.mzkit_win32|x64.Build.0 = Release|Any CPU
		{9DB933F4-CDBB-45AE-BEF9-69BA6E96A555}.Release|Any CPU.ActiveCfg = Release|Any CPU
		{9DB933F4-CDBB-45AE-BEF9-69BA6E96A555}.Release|Any CPU.Build.0 = Release|Any CPU
		{9DB933F4-CDBB-45AE-BEF9-69BA6E96A555}.Release|x64.ActiveCfg = Release|Any CPU
		{9DB933F4-CDBB-45AE-BEF9-69BA6E96A555}.Release|x64.Build.0 = Release|Any CPU
		{66E8C726-0036-41FB-23E2-9E3FADD00407}.Debug|Any CPU.ActiveCfg = Debug|Any CPU
		{66E8C726-0036-41FB-23E2-9E3FADD00407}.Debug|Any CPU.Build.0 = Debug|Any CPU
		{66E8C726-0036-41FB-23E2-9E3FADD00407}.Debug|x64.ActiveCfg = Debug|x64
		{66E8C726-0036-41FB-23E2-9E3FADD00407}.Debug|x64.Build.0 = Debug|x64
		{66E8C726-0036-41FB-23E2-9E3FADD00407}.mzkit_win32|Any CPU.ActiveCfg = Rsharp_app_release|Any CPU
		{66E8C726-0036-41FB-23E2-9E3FADD00407}.mzkit_win32|Any CPU.Build.0 = Rsharp_app_release|Any CPU
		{66E8C726-0036-41FB-23E2-9E3FADD00407}.mzkit_win32|x64.ActiveCfg = Rsharp_app_release|x64
		{66E8C726-0036-41FB-23E2-9E3FADD00407}.mzkit_win32|x64.Build.0 = Rsharp_app_release|x64
		{66E8C726-0036-41FB-23E2-9E3FADD00407}.Release|Any CPU.ActiveCfg = Release|Any CPU
		{66E8C726-0036-41FB-23E2-9E3FADD00407}.Release|Any CPU.Build.0 = Release|Any CPU
		{66E8C726-0036-41FB-23E2-9E3FADD00407}.Release|x64.ActiveCfg = Release|x64
		{66E8C726-0036-41FB-23E2-9E3FADD00407}.Release|x64.Build.0 = Release|x64
		{046160C8-605C-D212-0A20-624A0290352E}.Debug|Any CPU.ActiveCfg = Debug|Any CPU
		{046160C8-605C-D212-0A20-624A0290352E}.Debug|Any CPU.Build.0 = Debug|Any CPU
		{046160C8-605C-D212-0A20-624A0290352E}.Debug|x64.ActiveCfg = Debug|x64
		{046160C8-605C-D212-0A20-624A0290352E}.Debug|x64.Build.0 = Debug|x64
		{046160C8-605C-D212-0A20-624A0290352E}.mzkit_win32|Any CPU.ActiveCfg = mzkit_win32|Any CPU
		{046160C8-605C-D212-0A20-624A0290352E}.mzkit_win32|Any CPU.Build.0 = mzkit_win32|Any CPU
		{046160C8-605C-D212-0A20-624A0290352E}.mzkit_win32|x64.ActiveCfg = mzkit_win32|x64
		{046160C8-605C-D212-0A20-624A0290352E}.mzkit_win32|x64.Build.0 = mzkit_win32|x64
		{046160C8-605C-D212-0A20-624A0290352E}.Release|Any CPU.ActiveCfg = Release|Any CPU
		{046160C8-605C-D212-0A20-624A0290352E}.Release|Any CPU.Build.0 = Release|Any CPU
		{046160C8-605C-D212-0A20-624A0290352E}.Release|x64.ActiveCfg = Release|x64
		{046160C8-605C-D212-0A20-624A0290352E}.Release|x64.Build.0 = Release|x64
		{9C9F4004-9F8A-DB97-4B9B-267C241A815F}.Debug|Any CPU.ActiveCfg = Debug|Any CPU
		{9C9F4004-9F8A-DB97-4B9B-267C241A815F}.Debug|Any CPU.Build.0 = Debug|Any CPU
		{9C9F4004-9F8A-DB97-4B9B-267C241A815F}.Debug|x64.ActiveCfg = Debug|x64
		{9C9F4004-9F8A-DB97-4B9B-267C241A815F}.Debug|x64.Build.0 = Debug|x64
		{9C9F4004-9F8A-DB97-4B9B-267C241A815F}.mzkit_win32|Any CPU.ActiveCfg = mzkit_win32|Any CPU
		{9C9F4004-9F8A-DB97-4B9B-267C241A815F}.mzkit_win32|Any CPU.Build.0 = mzkit_win32|Any CPU
		{9C9F4004-9F8A-DB97-4B9B-267C241A815F}.mzkit_win32|x64.ActiveCfg = mzkit_win32|x64
		{9C9F4004-9F8A-DB97-4B9B-267C241A815F}.mzkit_win32|x64.Build.0 = mzkit_win32|x64
		{9C9F4004-9F8A-DB97-4B9B-267C241A815F}.Release|Any CPU.ActiveCfg = Release|Any CPU
		{9C9F4004-9F8A-DB97-4B9B-267C241A815F}.Release|Any CPU.Build.0 = Release|Any CPU
		{9C9F4004-9F8A-DB97-4B9B-267C241A815F}.Release|x64.ActiveCfg = Release|x64
		{9C9F4004-9F8A-DB97-4B9B-267C241A815F}.Release|x64.Build.0 = Release|x64
	EndGlobalSection
	GlobalSection(SolutionProperties) = preSolution
		HideSolutionNode = FALSE
	EndGlobalSection
	GlobalSection(NestedProjects) = preSolution
		{396CCD83-4B4E-84CB-6056-022317FD64BE} = {02EA681E-C7D8-13C7-8484-4AC65E1B71E8}
		{BE4A2EA0-C600-FCE9-D542-79B9A0D68583} = {02EA681E-C7D8-13C7-8484-4AC65E1B71E8}
		{87D65ADD-FE86-4239-AF7E-A37410354A0C} = {8C618855-BA38-47F5-A5FD-129C0D7F7F04}
		{3D61F3A9-A8E0-4195-9133-6FD8E4B82D54} = {8C618855-BA38-47F5-A5FD-129C0D7F7F04}
		{EC84CBB4-8E2D-48EA-9E6C-3D7CF0BBB452} = {8C618855-BA38-47F5-A5FD-129C0D7F7F04}
		{D98C3F2E-4A2C-F032-CECB-51BCFCC6A97C} = {02EA681E-C7D8-13C7-8484-4AC65E1B71E8}
		{A984CD4B-B40D-4389-961F-C9136D13C50F} = {8C618855-BA38-47F5-A5FD-129C0D7F7F04}
		{F5171153-AEE8-69B3-0273-1D621019EC9B} = {02EA681E-C7D8-13C7-8484-4AC65E1B71E8}
		{24B4FA10-E11E-681B-FD20-1997AB445229} = {02EA681E-C7D8-13C7-8484-4AC65E1B71E8}
		{E995B23D-C752-21CB-575B-0B812FC3727A} = {885C0CA4-4AFA-4422-ADDF-6540B110D36B}
		{900306BB-63BA-4F02-A09A-B8D5929255E0} = {885C0CA4-4AFA-4422-ADDF-6540B110D36B}
		{66E8C726-0036-41FB-23E2-9E3FADD00407} = {02EA681E-C7D8-13C7-8484-4AC65E1B71E8}
		{046160C8-605C-D212-0A20-624A0290352E} = {02EA681E-C7D8-13C7-8484-4AC65E1B71E8}
		{9C9F4004-9F8A-DB97-4B9B-267C241A815F} = {02EA681E-C7D8-13C7-8484-4AC65E1B71E8}
	EndGlobalSection
	GlobalSection(ExtensibilityGlobals) = postSolution
		SolutionGuid = {3958ABFB-93F0-45E4-8957-FED9918DC189}
	EndGlobalSection
EndGlobal
